// !$*UTF8*$!
{
	archiveVersion = 1;
	classes = {
	};
	objectVersion = 56;
	objects = {

/* Begin PBXBuildFile section */
		DE03B5B8292F4F4E00EB9BAF /* RxGesture in Frameworks */ = {isa = PBXBuildFile; productRef = DE03B5B7292F4F4E00EB9BAF /* RxGesture */; };
		DE272844291C08490032D139 /* ChoosePlanPresenter.swift in Sources */ = {isa = PBXBuildFile; fileRef = DE272843291C08490032D139 /* ChoosePlanPresenter.swift */; };
		DE272846291C08730032D139 /* ChoosePlanViewController.swift in Sources */ = {isa = PBXBuildFile; fileRef = DE272845291C08730032D139 /* ChoosePlanViewController.swift */; };
		DE272848291C0A170032D139 /* Plan.swift in Sources */ = {isa = PBXBuildFile; fileRef = DE272847291C0A170032D139 /* Plan.swift */; };
		DE27284A291C0A270032D139 /* PlansCollectionViewCell.swift in Sources */ = {isa = PBXBuildFile; fileRef = DE272849291C0A270032D139 /* PlansCollectionViewCell.swift */; };
		DE27284D291C177B0032D139 /* premium.json in Resources */ = {isa = PBXBuildFile; fileRef = DE27284B291C177B0032D139 /* premium.json */; };
		DE27284E291C177B0032D139 /* party.json in Resources */ = {isa = PBXBuildFile; fileRef = DE27284C291C177B0032D139 /* party.json */; };
		DE3F56562917AFA70036DDC4 /* TextField.swift in Sources */ = {isa = PBXBuildFile; fileRef = DE3F56552917AFA70036DDC4 /* TextField.swift */; };
		DE5509352922A7E60081A68B /* GoogleService-Info.plist in Resources */ = {isa = PBXBuildFile; fileRef = DE5509342922A7E60081A68B /* GoogleService-Info.plist */; };
		DE5509382922A8F30081A68B /* FirebaseAnalytics in Frameworks */ = {isa = PBXBuildFile; productRef = DE5509372922A8F30081A68B /* FirebaseAnalytics */; };
		DE55093E2922AD680081A68B /* FirebaseAuth in Frameworks */ = {isa = PBXBuildFile; productRef = DE55093D2922AD680081A68B /* FirebaseAuth */; };
		DE5509412922BF260081A68B /* String + Extension.swift in Sources */ = {isa = PBXBuildFile; fileRef = DE5509402922BF260081A68B /* String + Extension.swift */; };
		DE5D23EF2917B6DF00F3ED18 /* AssemblyModuleBuilder.swift in Sources */ = {isa = PBXBuildFile; fileRef = DE5D23EE2917B6DF00F3ED18 /* AssemblyModuleBuilder.swift */; };
		DE5D23F82917B80000F3ED18 /* Router.swift in Sources */ = {isa = PBXBuildFile; fileRef = DE5D23F72917B80000F3ED18 /* Router.swift */; };
		DE5D23FF2917BB2B00F3ED18 /* Theme.swift in Sources */ = {isa = PBXBuildFile; fileRef = DE5D23FE2917BB2B00F3ED18 /* Theme.swift */; };
		DE5D24032917BB8400F3ED18 /* Persist.swift in Sources */ = {isa = PBXBuildFile; fileRef = DE5D24022917BB8400F3ED18 /* Persist.swift */; };
		DE5D24052917BBEC00F3ED18 /* Theme + Extension.swift in Sources */ = {isa = PBXBuildFile; fileRef = DE5D24042917BBEC00F3ED18 /* Theme + Extension.swift */; };
		DE5D24072917BC7200F3ED18 /* UIWindow + Extension.swift in Sources */ = {isa = PBXBuildFile; fileRef = DE5D24062917BC7200F3ED18 /* UIWindow + Extension.swift */; };
		DE5D24092917BF7200F3ED18 /* MainButton.swift in Sources */ = {isa = PBXBuildFile; fileRef = DE5D24082917BF7200F3ED18 /* MainButton.swift */; };
		DE60C12B291AE21500D776F4 /* SnapKit in Frameworks */ = {isa = PBXBuildFile; productRef = DE60C12A291AE21500D776F4 /* SnapKit */; };
		DE628AA5293A5F540059D207 /* SignUpConfigurator.swift in Sources */ = {isa = PBXBuildFile; fileRef = DE628AA4293A5F540059D207 /* SignUpConfigurator.swift */; };
		DE628AA7293A5F5F0059D207 /* SignUpInteractor.swift in Sources */ = {isa = PBXBuildFile; fileRef = DE628AA6293A5F5F0059D207 /* SignUpInteractor.swift */; };
		DE628AA9293A5F780059D207 /* SignUpProtocols.swift in Sources */ = {isa = PBXBuildFile; fileRef = DE628AA8293A5F780059D207 /* SignUpProtocols.swift */; };
		DE628AAB293A5F870059D207 /* SignUpRouter.swift in Sources */ = {isa = PBXBuildFile; fileRef = DE628AAA293A5F870059D207 /* SignUpRouter.swift */; };
		DE628AAD293A5F8E0059D207 /* SignUpPresenter.swift in Sources */ = {isa = PBXBuildFile; fileRef = DE628AAC293A5F8E0059D207 /* SignUpPresenter.swift */; };
		DE628AAF293A5FA10059D207 /* SignUpViewController.swift in Sources */ = {isa = PBXBuildFile; fileRef = DE628AAE293A5FA10059D207 /* SignUpViewController.swift */; };
		DE628AB1293A70AD0059D207 /* SignInProtocols.swift in Sources */ = {isa = PBXBuildFile; fileRef = DE628AB0293A70AD0059D207 /* SignInProtocols.swift */; };
		DE628AB3293A70B50059D207 /* SignInConfigurator.swift in Sources */ = {isa = PBXBuildFile; fileRef = DE628AB2293A70B50059D207 /* SignInConfigurator.swift */; };
		DE628AB5293A70BF0059D207 /* SignInRouter.swift in Sources */ = {isa = PBXBuildFile; fileRef = DE628AB4293A70BF0059D207 /* SignInRouter.swift */; };
		DE628AB7293A70DD0059D207 /* SignInPresenter.swift in Sources */ = {isa = PBXBuildFile; fileRef = DE628AB6293A70DD0059D207 /* SignInPresenter.swift */; };
		DE628AB9293A70EB0059D207 /* SignInInteractor.swift in Sources */ = {isa = PBXBuildFile; fileRef = DE628AB8293A70EB0059D207 /* SignInInteractor.swift */; };
		DE628ABB293A70F80059D207 /* SignInViewController.swift in Sources */ = {isa = PBXBuildFile; fileRef = DE628ABA293A70F80059D207 /* SignInViewController.swift */; };
		DE628ABD293A71150059D207 /* ForgotViewController.swift in Sources */ = {isa = PBXBuildFile; fileRef = DE628ABC293A71150059D207 /* ForgotViewController.swift */; };
		DE628ABF293A711E0059D207 /* ForgotInteractor.swift in Sources */ = {isa = PBXBuildFile; fileRef = DE628ABE293A711E0059D207 /* ForgotInteractor.swift */; };
		DE628AC1293A71260059D207 /* ForgotPresenter.swift in Sources */ = {isa = PBXBuildFile; fileRef = DE628AC0293A71260059D207 /* ForgotPresenter.swift */; };
		DE628AC3293A715C0059D207 /* ForgotConfigurator.swift in Sources */ = {isa = PBXBuildFile; fileRef = DE628AC2293A715C0059D207 /* ForgotConfigurator.swift */; };
		DE628AC5293A71630059D207 /* ForgotRouter.swift in Sources */ = {isa = PBXBuildFile; fileRef = DE628AC4293A71630059D207 /* ForgotRouter.swift */; };
		DE628AC7293A716B0059D207 /* ForgotProtocols.swift in Sources */ = {isa = PBXBuildFile; fileRef = DE628AC6293A716B0059D207 /* ForgotProtocols.swift */; };
		DE628AC9293A71830059D207 /* OTPViewController.swift in Sources */ = {isa = PBXBuildFile; fileRef = DE628AC8293A71830059D207 /* OTPViewController.swift */; };
		DE628ACB293A718B0059D207 /* OTPInteractor.swift in Sources */ = {isa = PBXBuildFile; fileRef = DE628ACA293A718B0059D207 /* OTPInteractor.swift */; };
		DE628ACD293A71940059D207 /* OTPPresenter.swift in Sources */ = {isa = PBXBuildFile; fileRef = DE628ACC293A71940059D207 /* OTPPresenter.swift */; };
		DE628ACF293A719E0059D207 /* OTPConfigurator.swift in Sources */ = {isa = PBXBuildFile; fileRef = DE628ACE293A719E0059D207 /* OTPConfigurator.swift */; };
		DE628AD1293A71A40059D207 /* OTPRouter.swift in Sources */ = {isa = PBXBuildFile; fileRef = DE628AD0293A71A40059D207 /* OTPRouter.swift */; };
		DE628AD3293A71A90059D207 /* OTPProtocols.swift in Sources */ = {isa = PBXBuildFile; fileRef = DE628AD2293A71A80059D207 /* OTPProtocols.swift */; };
		DE628AD5293A71BD0059D207 /* ResetViewController.swift in Sources */ = {isa = PBXBuildFile; fileRef = DE628AD4293A71BD0059D207 /* ResetViewController.swift */; };
		DE628AD7293A71C30059D207 /* ResetInteractor.swift in Sources */ = {isa = PBXBuildFile; fileRef = DE628AD6293A71C30059D207 /* ResetInteractor.swift */; };
		DE628AD9293A71C80059D207 /* ResetPresenter.swift in Sources */ = {isa = PBXBuildFile; fileRef = DE628AD8293A71C80059D207 /* ResetPresenter.swift */; };
		DE628ADB293A71CE0059D207 /* ResetConfigurator.swift in Sources */ = {isa = PBXBuildFile; fileRef = DE628ADA293A71CE0059D207 /* ResetConfigurator.swift */; };
		DE628ADD293A71DB0059D207 /* ResetRouter.swift in Sources */ = {isa = PBXBuildFile; fileRef = DE628ADC293A71DB0059D207 /* ResetRouter.swift */; };
		DE628ADF293A71E10059D207 /* ResetProtocols.swift in Sources */ = {isa = PBXBuildFile; fileRef = DE628ADE293A71E10059D207 /* ResetProtocols.swift */; };
		DE628AE1293A72170059D207 /* WorkspaceViewController.swift in Sources */ = {isa = PBXBuildFile; fileRef = DE628AE0293A72170059D207 /* WorkspaceViewController.swift */; };
		DE628AE3293A721C0059D207 /* WorkspaceInteractor.swift in Sources */ = {isa = PBXBuildFile; fileRef = DE628AE2293A721C0059D207 /* WorkspaceInteractor.swift */; };
		DE628AE5293A72220059D207 /* WorkspacePresenter.swift in Sources */ = {isa = PBXBuildFile; fileRef = DE628AE4293A72220059D207 /* WorkspacePresenter.swift */; };
		DE628AE7293A72280059D207 /* WorkspaceConfigurator.swift in Sources */ = {isa = PBXBuildFile; fileRef = DE628AE6293A72280059D207 /* WorkspaceConfigurator.swift */; };
		DE628AE9293A722E0059D207 /* WorkspaceRouter.swift in Sources */ = {isa = PBXBuildFile; fileRef = DE628AE8293A722E0059D207 /* WorkspaceRouter.swift */; };
		DE628AEB293A72330059D207 /* WorkspaceProtocols.swift in Sources */ = {isa = PBXBuildFile; fileRef = DE628AEA293A72330059D207 /* WorkspaceProtocols.swift */; };
		DE628AED293A724C0059D207 /* PlanViewController.swift in Sources */ = {isa = PBXBuildFile; fileRef = DE628AEC293A724C0059D207 /* PlanViewController.swift */; };
		DE628AEF293A72510059D207 /* PlanInteractor.swift in Sources */ = {isa = PBXBuildFile; fileRef = DE628AEE293A72510059D207 /* PlanInteractor.swift */; };
		DE628AF1293A72580059D207 /* PlanPresenter.swift in Sources */ = {isa = PBXBuildFile; fileRef = DE628AF0293A72580059D207 /* PlanPresenter.swift */; };
		DE628AF3293A725D0059D207 /* PlanConfigurator.swift in Sources */ = {isa = PBXBuildFile; fileRef = DE628AF2293A725D0059D207 /* PlanConfigurator.swift */; };
		DE628AF5293A72620059D207 /* PlanRouter.swift in Sources */ = {isa = PBXBuildFile; fileRef = DE628AF4293A72620059D207 /* PlanRouter.swift */; };
		DE628AF7293A72660059D207 /* PlanProtocols.swift in Sources */ = {isa = PBXBuildFile; fileRef = DE628AF6293A72660059D207 /* PlanProtocols.swift */; };
		DE628AF9293A727C0059D207 /* HomeViewController.swift in Sources */ = {isa = PBXBuildFile; fileRef = DE628AF8293A727C0059D207 /* HomeViewController.swift */; };
		DE628AFB293A72800059D207 /* HomeInteractor.swift in Sources */ = {isa = PBXBuildFile; fileRef = DE628AFA293A72800059D207 /* HomeInteractor.swift */; };
		DE628AFD293A72870059D207 /* HomePresenter.swift in Sources */ = {isa = PBXBuildFile; fileRef = DE628AFC293A72870059D207 /* HomePresenter.swift */; };
		DE628AFF293A728C0059D207 /* HomeConfigurator.swift in Sources */ = {isa = PBXBuildFile; fileRef = DE628AFE293A728C0059D207 /* HomeConfigurator.swift */; };
		DE628B01293A72910059D207 /* HomeRouter.swift in Sources */ = {isa = PBXBuildFile; fileRef = DE628B00293A72910059D207 /* HomeRouter.swift */; };
		DE628B03293A72950059D207 /* HomeProtocols.swift in Sources */ = {isa = PBXBuildFile; fileRef = DE628B02293A72950059D207 /* HomeProtocols.swift */; };
		DE628B05293A72A30059D207 /* ChatViewController.swift in Sources */ = {isa = PBXBuildFile; fileRef = DE628B04293A72A30059D207 /* ChatViewController.swift */; };
		DE628B07293A72A70059D207 /* ChatInteractor.swift in Sources */ = {isa = PBXBuildFile; fileRef = DE628B06293A72A70059D207 /* ChatInteractor.swift */; };
		DE628B09293A72AB0059D207 /* ChatPresenter.swift in Sources */ = {isa = PBXBuildFile; fileRef = DE628B08293A72AB0059D207 /* ChatPresenter.swift */; };
		DE628B0B293A72B00059D207 /* ChatConfigurator.swift in Sources */ = {isa = PBXBuildFile; fileRef = DE628B0A293A72B00059D207 /* ChatConfigurator.swift */; };
		DE628B0D293A72B40059D207 /* ChatRouter.swift in Sources */ = {isa = PBXBuildFile; fileRef = DE628B0C293A72B40059D207 /* ChatRouter.swift */; };
		DE628B0F293A72B80059D207 /* ChatProtocols.swift in Sources */ = {isa = PBXBuildFile; fileRef = DE628B0E293A72B80059D207 /* ChatProtocols.swift */; };
		DE628B11293A72C40059D207 /* NotificationViewController.swift in Sources */ = {isa = PBXBuildFile; fileRef = DE628B10293A72C40059D207 /* NotificationViewController.swift */; };
		DE628B13293A72CA0059D207 /* NotificationInteractor.swift in Sources */ = {isa = PBXBuildFile; fileRef = DE628B12293A72CA0059D207 /* NotificationInteractor.swift */; };
		DE628B15293A72D00059D207 /* NotificationPresenter.swift in Sources */ = {isa = PBXBuildFile; fileRef = DE628B14293A72D00059D207 /* NotificationPresenter.swift */; };
		DE628B17293A72D60059D207 /* NotificationConfigurator.swift in Sources */ = {isa = PBXBuildFile; fileRef = DE628B16293A72D60059D207 /* NotificationConfigurator.swift */; };
		DE628B19293A72DB0059D207 /* NotificationRouter.swift in Sources */ = {isa = PBXBuildFile; fileRef = DE628B18293A72DB0059D207 /* NotificationRouter.swift */; };
		DE628B1B293A72E20059D207 /* NotificationProtocols.swift in Sources */ = {isa = PBXBuildFile; fileRef = DE628B1A293A72E20059D207 /* NotificationProtocols.swift */; };
		DE628B1D293A72F10059D207 /* SettingsViewController.swift in Sources */ = {isa = PBXBuildFile; fileRef = DE628B1C293A72F10059D207 /* SettingsViewController.swift */; };
		DE628B1F293A72F70059D207 /* SettingsInteractor.swift in Sources */ = {isa = PBXBuildFile; fileRef = DE628B1E293A72F70059D207 /* SettingsInteractor.swift */; };
		DE628B21293A72FC0059D207 /* SettingsPresenter.swift in Sources */ = {isa = PBXBuildFile; fileRef = DE628B20293A72FC0059D207 /* SettingsPresenter.swift */; };
		DE628B23293A73020059D207 /* SettingsConfigurator.swift in Sources */ = {isa = PBXBuildFile; fileRef = DE628B22293A73020059D207 /* SettingsConfigurator.swift */; };
		DE628B25293A73060059D207 /* SettingsRouter.swift in Sources */ = {isa = PBXBuildFile; fileRef = DE628B24293A73060059D207 /* SettingsRouter.swift */; };
		DE628B27293A730C0059D207 /* SettingsProtocols.swift in Sources */ = {isa = PBXBuildFile; fileRef = DE628B26293A730C0059D207 /* SettingsProtocols.swift */; };
		DE628B2A293A7B1D0059D207 /* AuthService.swift in Sources */ = {isa = PBXBuildFile; fileRef = DE628B29293A7B1D0059D207 /* AuthService.swift */; };
		DE6D3ED32916B6470095AC5B /* AppDelegate.swift in Sources */ = {isa = PBXBuildFile; fileRef = DE6D3ED22916B6470095AC5B /* AppDelegate.swift */; };
		DE6D3ED52916B6470095AC5B /* SceneDelegate.swift in Sources */ = {isa = PBXBuildFile; fileRef = DE6D3ED42916B6470095AC5B /* SceneDelegate.swift */; };
		DE6D3EDC2916B6470095AC5B /* Assets.xcassets in Resources */ = {isa = PBXBuildFile; fileRef = DE6D3EDB2916B6470095AC5B /* Assets.xcassets */; };
		DE6D3EDF2916B6470095AC5B /* LaunchScreen.storyboard in Resources */ = {isa = PBXBuildFile; fileRef = DE6D3EDD2916B6470095AC5B /* LaunchScreen.storyboard */; };
		DE79652C29309C2000F6D24C /* SegmentedControl.swift in Sources */ = {isa = PBXBuildFile; fileRef = DE79652B29309C2000F6D24C /* SegmentedControl.swift */; };
		DEA377982917E1210035085C /* TitleLabel.swift in Sources */ = {isa = PBXBuildFile; fileRef = DEA377972917E1210035085C /* TitleLabel.swift */; };
		DEA3779A2917FD280035085C /* TextLabel.swift in Sources */ = {isa = PBXBuildFile; fileRef = DEA377992917FD280035085C /* TextLabel.swift */; };
		DEA3779F291811D70035085C /* SecondaryButton.swift in Sources */ = {isa = PBXBuildFile; fileRef = DEA3779E291811D70035085C /* SecondaryButton.swift */; };
		DEA377A1291831650035085C /* UILabel + Extension.swift in Sources */ = {isa = PBXBuildFile; fileRef = DEA377A0291831650035085C /* UILabel + Extension.swift */; };
		DEC71B58291BBB4700588D8B /* Lottie in Frameworks */ = {isa = PBXBuildFile; productRef = DEC71B57291BBB4700588D8B /* Lottie */; };
		DEC71B5B291BBC6F00588D8B /* UIColor + Extension.swift in Sources */ = {isa = PBXBuildFile; fileRef = DEC71B5A291BBC6F00588D8B /* UIColor + Extension.swift */; };
		DEC71B61291BC0D200588D8B /* TitleImageView.swift in Sources */ = {isa = PBXBuildFile; fileRef = DEC71B60291BC0D200588D8B /* TitleImageView.swift */; };
		DEC71B64291BC15A00588D8B /* StackView.swift in Sources */ = {isa = PBXBuildFile; fileRef = DEC71B63291BC15A00588D8B /* StackView.swift */; };
		DEC71B82291BDBD200588D8B /* ResetPasswordPresenter.swift in Sources */ = {isa = PBXBuildFile; fileRef = DEC71B81291BDBD200588D8B /* ResetPasswordPresenter.swift */; };
		DEC71B84291BDBFE00588D8B /* ResetPasswordViewController.swift in Sources */ = {isa = PBXBuildFile; fileRef = DEC71B83291BDBFE00588D8B /* ResetPasswordViewController.swift */; };
		DEC71B8A291BE0F700588D8B /* CreateWorkspacePresenter.swift in Sources */ = {isa = PBXBuildFile; fileRef = DEC71B89291BE0F700588D8B /* CreateWorkspacePresenter.swift */; };
		DEC71B8C291BE13100588D8B /* CreateWorkspaceViewController.swift in Sources */ = {isa = PBXBuildFile; fileRef = DEC71B8B291BE13100588D8B /* CreateWorkspaceViewController.swift */; };
		DECD7BEA291CDC0000F55CFF /* UIBarButtonItem + Extension.swift in Sources */ = {isa = PBXBuildFile; fileRef = DECD7BE9291CDC0000F55CFF /* UIBarButtonItem + Extension.swift */; };
		DECD7BEF291CDD9500F55CFF /* OnboardingViewController.swift in Sources */ = {isa = PBXBuildFile; fileRef = DECD7BEE291CDD9500F55CFF /* OnboardingViewController.swift */; };
		DECD7BF1291CDDA900F55CFF /* OnboardingPresenter.swift in Sources */ = {isa = PBXBuildFile; fileRef = DECD7BF0291CDDA900F55CFF /* OnboardingPresenter.swift */; };
		DECD7BF3291CDE1900F55CFF /* BoardViewController.swift in Sources */ = {isa = PBXBuildFile; fileRef = DECD7BF2291CDE1900F55CFF /* BoardViewController.swift */; };
		DECD7BF7291CF93400F55CFF /* Board.swift in Sources */ = {isa = PBXBuildFile; fileRef = DECD7BF6291CF93400F55CFF /* Board.swift */; };
		DECD7BFB291D222A00F55CFF /* TabBarController.swift in Sources */ = {isa = PBXBuildFile; fileRef = DECD7BFA291D222A00F55CFF /* TabBarController.swift */; };
		DECD7C00291D229600F55CFF /* HomePresenter.swift in Sources */ = {isa = PBXBuildFile; fileRef = DECD7BFF291D229600F55CFF /* HomePresenter.swift */; };
		DECD7C02291D22B700F55CFF /* HomeViewController.swift in Sources */ = {isa = PBXBuildFile; fileRef = DECD7C01291D22B700F55CFF /* HomeViewController.swift */; };
		DECD7C08291D232A00F55CFF /* ChatPresenter.swift in Sources */ = {isa = PBXBuildFile; fileRef = DECD7C07291D232A00F55CFF /* ChatPresenter.swift */; };
		DECD7C0A291D234F00F55CFF /* ChatViewController.swift in Sources */ = {isa = PBXBuildFile; fileRef = DECD7C09291D234F00F55CFF /* ChatViewController.swift */; };
		DECD7C10291D239400F55CFF /* NotificationPresenter.swift in Sources */ = {isa = PBXBuildFile; fileRef = DECD7C0F291D239400F55CFF /* NotificationPresenter.swift */; };
		DECD7C16291D23F700F55CFF /* SettingsPresenter.swift in Sources */ = {isa = PBXBuildFile; fileRef = DECD7C15291D23F700F55CFF /* SettingsPresenter.swift */; };
		DECD7C18291D243400F55CFF /* SettingsViewController.swift in Sources */ = {isa = PBXBuildFile; fileRef = DECD7C17291D243400F55CFF /* SettingsViewController.swift */; };
		DECD7C1A291D257800F55CFF /* NotificationViewController.swift in Sources */ = {isa = PBXBuildFile; fileRef = DECD7C19291D257800F55CFF /* NotificationViewController.swift */; };
		DEEE2E45292E287D002A8A9F /* TabItem + Extension.swift in Sources */ = {isa = PBXBuildFile; fileRef = DEEE2E44292E287D002A8A9F /* TabItem + Extension.swift */; };
		DEEE2E47292E2A44002A8A9F /* TabBarViewController.swift in Sources */ = {isa = PBXBuildFile; fileRef = DEEE2E46292E2A44002A8A9F /* TabBarViewController.swift */; };
		DEEE2E4B292E2D30002A8A9F /* TabBar.swift in Sources */ = {isa = PBXBuildFile; fileRef = DEEE2E4A292E2D30002A8A9F /* TabBar.swift */; };
		DEEE2E4E292E325C002A8A9F /* RxCocoa in Frameworks */ = {isa = PBXBuildFile; productRef = DEEE2E4D292E325C002A8A9F /* RxCocoa */; };
		DEEE2E50292E325C002A8A9F /* RxSwift in Frameworks */ = {isa = PBXBuildFile; productRef = DEEE2E4F292E325C002A8A9F /* RxSwift */; };
		DEEE2E53292E35E0002A8A9F /* TabItemView.swift in Sources */ = {isa = PBXBuildFile; fileRef = DEEE2E52292E35E0002A8A9F /* TabItemView.swift */; };
		DEEE2E55292E4790002A8A9F /* UIView + Extension.swift in Sources */ = {isa = PBXBuildFile; fileRef = DEEE2E54292E4790002A8A9F /* UIView + Extension.swift */; };
		DEEE2E57292E47CB002A8A9F /* UIStackView + Extension.swift in Sources */ = {isa = PBXBuildFile; fileRef = DEEE2E56292E47CB002A8A9F /* UIStackView + Extension.swift */; };
/* End PBXBuildFile section */

/* Begin PBXFileReference section */
		DE272843291C08490032D139 /* ChoosePlanPresenter.swift */ = {isa = PBXFileReference; lastKnownFileType = sourcecode.swift; path = ChoosePlanPresenter.swift; sourceTree = "<group>"; };
		DE272845291C08730032D139 /* ChoosePlanViewController.swift */ = {isa = PBXFileReference; lastKnownFileType = sourcecode.swift; path = ChoosePlanViewController.swift; sourceTree = "<group>"; };
		DE272847291C0A170032D139 /* Plan.swift */ = {isa = PBXFileReference; lastKnownFileType = sourcecode.swift; path = Plan.swift; sourceTree = "<group>"; };
		DE272849291C0A270032D139 /* PlansCollectionViewCell.swift */ = {isa = PBXFileReference; lastKnownFileType = sourcecode.swift; path = PlansCollectionViewCell.swift; sourceTree = "<group>"; };
		DE27284B291C177B0032D139 /* premium.json */ = {isa = PBXFileReference; fileEncoding = 4; lastKnownFileType = text.json; path = premium.json; sourceTree = "<group>"; };
		DE27284C291C177B0032D139 /* party.json */ = {isa = PBXFileReference; fileEncoding = 4; lastKnownFileType = text.json; path = party.json; sourceTree = "<group>"; };
		DE3F56552917AFA70036DDC4 /* TextField.swift */ = {isa = PBXFileReference; lastKnownFileType = sourcecode.swift; path = TextField.swift; sourceTree = "<group>"; };
		DE5509342922A7E60081A68B /* GoogleService-Info.plist */ = {isa = PBXFileReference; fileEncoding = 4; lastKnownFileType = text.plist.xml; path = "GoogleService-Info.plist"; sourceTree = "<group>"; };
		DE5509402922BF260081A68B /* String + Extension.swift */ = {isa = PBXFileReference; lastKnownFileType = sourcecode.swift; path = "String + Extension.swift"; sourceTree = "<group>"; };
		DE5D23EE2917B6DF00F3ED18 /* AssemblyModuleBuilder.swift */ = {isa = PBXFileReference; lastKnownFileType = sourcecode.swift; path = AssemblyModuleBuilder.swift; sourceTree = "<group>"; };
		DE5D23F72917B80000F3ED18 /* Router.swift */ = {isa = PBXFileReference; lastKnownFileType = sourcecode.swift; path = Router.swift; sourceTree = "<group>"; };
		DE5D23FE2917BB2B00F3ED18 /* Theme.swift */ = {isa = PBXFileReference; lastKnownFileType = sourcecode.swift; path = Theme.swift; sourceTree = "<group>"; };
		DE5D24022917BB8400F3ED18 /* Persist.swift */ = {isa = PBXFileReference; lastKnownFileType = sourcecode.swift; path = Persist.swift; sourceTree = "<group>"; };
		DE5D24042917BBEC00F3ED18 /* Theme + Extension.swift */ = {isa = PBXFileReference; lastKnownFileType = sourcecode.swift; path = "Theme + Extension.swift"; sourceTree = "<group>"; };
		DE5D24062917BC7200F3ED18 /* UIWindow + Extension.swift */ = {isa = PBXFileReference; lastKnownFileType = sourcecode.swift; path = "UIWindow + Extension.swift"; sourceTree = "<group>"; };
		DE5D24082917BF7200F3ED18 /* MainButton.swift */ = {isa = PBXFileReference; lastKnownFileType = sourcecode.swift; path = MainButton.swift; sourceTree = "<group>"; };
		DE628AA4293A5F540059D207 /* SignUpConfigurator.swift */ = {isa = PBXFileReference; lastKnownFileType = sourcecode.swift; path = SignUpConfigurator.swift; sourceTree = "<group>"; };
		DE628AA6293A5F5F0059D207 /* SignUpInteractor.swift */ = {isa = PBXFileReference; lastKnownFileType = sourcecode.swift; path = SignUpInteractor.swift; sourceTree = "<group>"; };
		DE628AA8293A5F780059D207 /* SignUpProtocols.swift */ = {isa = PBXFileReference; lastKnownFileType = sourcecode.swift; path = SignUpProtocols.swift; sourceTree = "<group>"; };
		DE628AAA293A5F870059D207 /* SignUpRouter.swift */ = {isa = PBXFileReference; lastKnownFileType = sourcecode.swift; path = SignUpRouter.swift; sourceTree = "<group>"; };
		DE628AAC293A5F8E0059D207 /* SignUpPresenter.swift */ = {isa = PBXFileReference; lastKnownFileType = sourcecode.swift; path = SignUpPresenter.swift; sourceTree = "<group>"; };
		DE628AAE293A5FA10059D207 /* SignUpViewController.swift */ = {isa = PBXFileReference; lastKnownFileType = sourcecode.swift; path = SignUpViewController.swift; sourceTree = "<group>"; };
		DE628AB0293A70AD0059D207 /* SignInProtocols.swift */ = {isa = PBXFileReference; lastKnownFileType = sourcecode.swift; path = SignInProtocols.swift; sourceTree = "<group>"; };
		DE628AB2293A70B50059D207 /* SignInConfigurator.swift */ = {isa = PBXFileReference; lastKnownFileType = sourcecode.swift; path = SignInConfigurator.swift; sourceTree = "<group>"; };
		DE628AB4293A70BF0059D207 /* SignInRouter.swift */ = {isa = PBXFileReference; lastKnownFileType = sourcecode.swift; path = SignInRouter.swift; sourceTree = "<group>"; };
		DE628AB6293A70DD0059D207 /* SignInPresenter.swift */ = {isa = PBXFileReference; lastKnownFileType = sourcecode.swift; path = SignInPresenter.swift; sourceTree = "<group>"; };
		DE628AB8293A70EB0059D207 /* SignInInteractor.swift */ = {isa = PBXFileReference; lastKnownFileType = sourcecode.swift; path = SignInInteractor.swift; sourceTree = "<group>"; };
		DE628ABA293A70F80059D207 /* SignInViewController.swift */ = {isa = PBXFileReference; lastKnownFileType = sourcecode.swift; path = SignInViewController.swift; sourceTree = "<group>"; };
		DE628ABC293A71150059D207 /* ForgotViewController.swift */ = {isa = PBXFileReference; lastKnownFileType = sourcecode.swift; path = ForgotViewController.swift; sourceTree = "<group>"; };
		DE628ABE293A711E0059D207 /* ForgotInteractor.swift */ = {isa = PBXFileReference; lastKnownFileType = sourcecode.swift; path = ForgotInteractor.swift; sourceTree = "<group>"; };
		DE628AC0293A71260059D207 /* ForgotPresenter.swift */ = {isa = PBXFileReference; lastKnownFileType = sourcecode.swift; path = ForgotPresenter.swift; sourceTree = "<group>"; };
		DE628AC2293A715C0059D207 /* ForgotConfigurator.swift */ = {isa = PBXFileReference; lastKnownFileType = sourcecode.swift; path = ForgotConfigurator.swift; sourceTree = "<group>"; };
		DE628AC4293A71630059D207 /* ForgotRouter.swift */ = {isa = PBXFileReference; lastKnownFileType = sourcecode.swift; path = ForgotRouter.swift; sourceTree = "<group>"; };
		DE628AC6293A716B0059D207 /* ForgotProtocols.swift */ = {isa = PBXFileReference; lastKnownFileType = sourcecode.swift; path = ForgotProtocols.swift; sourceTree = "<group>"; };
		DE628AC8293A71830059D207 /* OTPViewController.swift */ = {isa = PBXFileReference; lastKnownFileType = sourcecode.swift; path = OTPViewController.swift; sourceTree = "<group>"; };
		DE628ACA293A718B0059D207 /* OTPInteractor.swift */ = {isa = PBXFileReference; lastKnownFileType = sourcecode.swift; path = OTPInteractor.swift; sourceTree = "<group>"; };
		DE628ACC293A71940059D207 /* OTPPresenter.swift */ = {isa = PBXFileReference; lastKnownFileType = sourcecode.swift; path = OTPPresenter.swift; sourceTree = "<group>"; };
		DE628ACE293A719E0059D207 /* OTPConfigurator.swift */ = {isa = PBXFileReference; lastKnownFileType = sourcecode.swift; path = OTPConfigurator.swift; sourceTree = "<group>"; };
		DE628AD0293A71A40059D207 /* OTPRouter.swift */ = {isa = PBXFileReference; lastKnownFileType = sourcecode.swift; path = OTPRouter.swift; sourceTree = "<group>"; };
		DE628AD2293A71A80059D207 /* OTPProtocols.swift */ = {isa = PBXFileReference; lastKnownFileType = sourcecode.swift; path = OTPProtocols.swift; sourceTree = "<group>"; };
		DE628AD4293A71BD0059D207 /* ResetViewController.swift */ = {isa = PBXFileReference; lastKnownFileType = sourcecode.swift; path = ResetViewController.swift; sourceTree = "<group>"; };
		DE628AD6293A71C30059D207 /* ResetInteractor.swift */ = {isa = PBXFileReference; lastKnownFileType = sourcecode.swift; path = ResetInteractor.swift; sourceTree = "<group>"; };
		DE628AD8293A71C80059D207 /* ResetPresenter.swift */ = {isa = PBXFileReference; lastKnownFileType = sourcecode.swift; path = ResetPresenter.swift; sourceTree = "<group>"; };
		DE628ADA293A71CE0059D207 /* ResetConfigurator.swift */ = {isa = PBXFileReference; lastKnownFileType = sourcecode.swift; path = ResetConfigurator.swift; sourceTree = "<group>"; };
		DE628ADC293A71DB0059D207 /* ResetRouter.swift */ = {isa = PBXFileReference; lastKnownFileType = sourcecode.swift; path = ResetRouter.swift; sourceTree = "<group>"; };
		DE628ADE293A71E10059D207 /* ResetProtocols.swift */ = {isa = PBXFileReference; lastKnownFileType = sourcecode.swift; path = ResetProtocols.swift; sourceTree = "<group>"; };
		DE628AE0293A72170059D207 /* WorkspaceViewController.swift */ = {isa = PBXFileReference; lastKnownFileType = sourcecode.swift; path = WorkspaceViewController.swift; sourceTree = "<group>"; };
		DE628AE2293A721C0059D207 /* WorkspaceInteractor.swift */ = {isa = PBXFileReference; lastKnownFileType = sourcecode.swift; path = WorkspaceInteractor.swift; sourceTree = "<group>"; };
		DE628AE4293A72220059D207 /* WorkspacePresenter.swift */ = {isa = PBXFileReference; lastKnownFileType = sourcecode.swift; path = WorkspacePresenter.swift; sourceTree = "<group>"; };
		DE628AE6293A72280059D207 /* WorkspaceConfigurator.swift */ = {isa = PBXFileReference; lastKnownFileType = sourcecode.swift; path = WorkspaceConfigurator.swift; sourceTree = "<group>"; };
		DE628AE8293A722E0059D207 /* WorkspaceRouter.swift */ = {isa = PBXFileReference; lastKnownFileType = sourcecode.swift; path = WorkspaceRouter.swift; sourceTree = "<group>"; };
		DE628AEA293A72330059D207 /* WorkspaceProtocols.swift */ = {isa = PBXFileReference; lastKnownFileType = sourcecode.swift; path = WorkspaceProtocols.swift; sourceTree = "<group>"; };
		DE628AEC293A724C0059D207 /* PlanViewController.swift */ = {isa = PBXFileReference; lastKnownFileType = sourcecode.swift; path = PlanViewController.swift; sourceTree = "<group>"; };
		DE628AEE293A72510059D207 /* PlanInteractor.swift */ = {isa = PBXFileReference; lastKnownFileType = sourcecode.swift; path = PlanInteractor.swift; sourceTree = "<group>"; };
		DE628AF0293A72580059D207 /* PlanPresenter.swift */ = {isa = PBXFileReference; lastKnownFileType = sourcecode.swift; path = PlanPresenter.swift; sourceTree = "<group>"; };
		DE628AF2293A725D0059D207 /* PlanConfigurator.swift */ = {isa = PBXFileReference; lastKnownFileType = sourcecode.swift; path = PlanConfigurator.swift; sourceTree = "<group>"; };
		DE628AF4293A72620059D207 /* PlanRouter.swift */ = {isa = PBXFileReference; lastKnownFileType = sourcecode.swift; path = PlanRouter.swift; sourceTree = "<group>"; };
		DE628AF6293A72660059D207 /* PlanProtocols.swift */ = {isa = PBXFileReference; lastKnownFileType = sourcecode.swift; path = PlanProtocols.swift; sourceTree = "<group>"; };
		DE628AF8293A727C0059D207 /* HomeViewController.swift */ = {isa = PBXFileReference; lastKnownFileType = sourcecode.swift; path = HomeViewController.swift; sourceTree = "<group>"; };
		DE628AFA293A72800059D207 /* HomeInteractor.swift */ = {isa = PBXFileReference; lastKnownFileType = sourcecode.swift; path = HomeInteractor.swift; sourceTree = "<group>"; };
		DE628AFC293A72870059D207 /* HomePresenter.swift */ = {isa = PBXFileReference; lastKnownFileType = sourcecode.swift; path = HomePresenter.swift; sourceTree = "<group>"; };
		DE628AFE293A728C0059D207 /* HomeConfigurator.swift */ = {isa = PBXFileReference; lastKnownFileType = sourcecode.swift; path = HomeConfigurator.swift; sourceTree = "<group>"; };
		DE628B00293A72910059D207 /* HomeRouter.swift */ = {isa = PBXFileReference; lastKnownFileType = sourcecode.swift; path = HomeRouter.swift; sourceTree = "<group>"; };
		DE628B02293A72950059D207 /* HomeProtocols.swift */ = {isa = PBXFileReference; lastKnownFileType = sourcecode.swift; path = HomeProtocols.swift; sourceTree = "<group>"; };
		DE628B04293A72A30059D207 /* ChatViewController.swift */ = {isa = PBXFileReference; lastKnownFileType = sourcecode.swift; path = ChatViewController.swift; sourceTree = "<group>"; };
		DE628B06293A72A70059D207 /* ChatInteractor.swift */ = {isa = PBXFileReference; lastKnownFileType = sourcecode.swift; path = ChatInteractor.swift; sourceTree = "<group>"; };
		DE628B08293A72AB0059D207 /* ChatPresenter.swift */ = {isa = PBXFileReference; lastKnownFileType = sourcecode.swift; path = ChatPresenter.swift; sourceTree = "<group>"; };
		DE628B0A293A72B00059D207 /* ChatConfigurator.swift */ = {isa = PBXFileReference; lastKnownFileType = sourcecode.swift; path = ChatConfigurator.swift; sourceTree = "<group>"; };
		DE628B0C293A72B40059D207 /* ChatRouter.swift */ = {isa = PBXFileReference; lastKnownFileType = sourcecode.swift; path = ChatRouter.swift; sourceTree = "<group>"; };
		DE628B0E293A72B80059D207 /* ChatProtocols.swift */ = {isa = PBXFileReference; lastKnownFileType = sourcecode.swift; path = ChatProtocols.swift; sourceTree = "<group>"; };
		DE628B10293A72C40059D207 /* NotificationViewController.swift */ = {isa = PBXFileReference; lastKnownFileType = sourcecode.swift; path = NotificationViewController.swift; sourceTree = "<group>"; };
		DE628B12293A72CA0059D207 /* NotificationInteractor.swift */ = {isa = PBXFileReference; lastKnownFileType = sourcecode.swift; path = NotificationInteractor.swift; sourceTree = "<group>"; };
		DE628B14293A72D00059D207 /* NotificationPresenter.swift */ = {isa = PBXFileReference; lastKnownFileType = sourcecode.swift; path = NotificationPresenter.swift; sourceTree = "<group>"; };
		DE628B16293A72D60059D207 /* NotificationConfigurator.swift */ = {isa = PBXFileReference; lastKnownFileType = sourcecode.swift; path = NotificationConfigurator.swift; sourceTree = "<group>"; };
		DE628B18293A72DB0059D207 /* NotificationRouter.swift */ = {isa = PBXFileReference; lastKnownFileType = sourcecode.swift; path = NotificationRouter.swift; sourceTree = "<group>"; };
		DE628B1A293A72E20059D207 /* NotificationProtocols.swift */ = {isa = PBXFileReference; lastKnownFileType = sourcecode.swift; path = NotificationProtocols.swift; sourceTree = "<group>"; };
		DE628B1C293A72F10059D207 /* SettingsViewController.swift */ = {isa = PBXFileReference; lastKnownFileType = sourcecode.swift; path = SettingsViewController.swift; sourceTree = "<group>"; };
		DE628B1E293A72F70059D207 /* SettingsInteractor.swift */ = {isa = PBXFileReference; lastKnownFileType = sourcecode.swift; path = SettingsInteractor.swift; sourceTree = "<group>"; };
		DE628B20293A72FC0059D207 /* SettingsPresenter.swift */ = {isa = PBXFileReference; lastKnownFileType = sourcecode.swift; path = SettingsPresenter.swift; sourceTree = "<group>"; };
		DE628B22293A73020059D207 /* SettingsConfigurator.swift */ = {isa = PBXFileReference; lastKnownFileType = sourcecode.swift; path = SettingsConfigurator.swift; sourceTree = "<group>"; };
		DE628B24293A73060059D207 /* SettingsRouter.swift */ = {isa = PBXFileReference; lastKnownFileType = sourcecode.swift; path = SettingsRouter.swift; sourceTree = "<group>"; };
		DE628B26293A730C0059D207 /* SettingsProtocols.swift */ = {isa = PBXFileReference; lastKnownFileType = sourcecode.swift; path = SettingsProtocols.swift; sourceTree = "<group>"; };
		DE628B29293A7B1D0059D207 /* AuthService.swift */ = {isa = PBXFileReference; lastKnownFileType = sourcecode.swift; path = AuthService.swift; sourceTree = "<group>"; };
		DE6D3ED22916B6470095AC5B /* AppDelegate.swift */ = {isa = PBXFileReference; lastKnownFileType = sourcecode.swift; path = AppDelegate.swift; sourceTree = "<group>"; };
		DE6D3ED42916B6470095AC5B /* SceneDelegate.swift */ = {isa = PBXFileReference; lastKnownFileType = sourcecode.swift; path = SceneDelegate.swift; sourceTree = "<group>"; };
		DE6D3EDB2916B6470095AC5B /* Assets.xcassets */ = {isa = PBXFileReference; lastKnownFileType = folder.assetcatalog; path = Assets.xcassets; sourceTree = "<group>"; };
		DE6D3EDE2916B6470095AC5B /* Base */ = {isa = PBXFileReference; lastKnownFileType = file.storyboard; name = Base; path = Base.lproj/LaunchScreen.storyboard; sourceTree = "<group>"; };
		DE6D3EE02916B6470095AC5B /* Info.plist */ = {isa = PBXFileReference; lastKnownFileType = text.plist.xml; path = Info.plist; sourceTree = "<group>"; };
		DE79652B29309C2000F6D24C /* SegmentedControl.swift */ = {isa = PBXFileReference; lastKnownFileType = sourcecode.swift; path = SegmentedControl.swift; sourceTree = "<group>"; };
		DEA377972917E1210035085C /* TitleLabel.swift */ = {isa = PBXFileReference; lastKnownFileType = sourcecode.swift; path = TitleLabel.swift; sourceTree = "<group>"; };
		DEA377992917FD280035085C /* TextLabel.swift */ = {isa = PBXFileReference; lastKnownFileType = sourcecode.swift; path = TextLabel.swift; sourceTree = "<group>"; };
		DEA3779E291811D70035085C /* SecondaryButton.swift */ = {isa = PBXFileReference; lastKnownFileType = sourcecode.swift; path = SecondaryButton.swift; sourceTree = "<group>"; };
		DEA377A0291831650035085C /* UILabel + Extension.swift */ = {isa = PBXFileReference; lastKnownFileType = sourcecode.swift; path = "UILabel + Extension.swift"; sourceTree = "<group>"; };
		DEC71B59291BBBED00588D8B /* Tasker.app */ = {isa = PBXFileReference; explicitFileType = wrapper.application; includeInIndex = 0; path = Tasker.app; sourceTree = BUILT_PRODUCTS_DIR; };
		DEC71B5A291BBC6F00588D8B /* UIColor + Extension.swift */ = {isa = PBXFileReference; lastKnownFileType = sourcecode.swift; path = "UIColor + Extension.swift"; sourceTree = "<group>"; };
		DEC71B60291BC0D200588D8B /* TitleImageView.swift */ = {isa = PBXFileReference; lastKnownFileType = sourcecode.swift; path = TitleImageView.swift; sourceTree = "<group>"; };
		DEC71B63291BC15A00588D8B /* StackView.swift */ = {isa = PBXFileReference; lastKnownFileType = sourcecode.swift; path = StackView.swift; sourceTree = "<group>"; };
		DEC71B81291BDBD200588D8B /* ResetPasswordPresenter.swift */ = {isa = PBXFileReference; lastKnownFileType = sourcecode.swift; path = ResetPasswordPresenter.swift; sourceTree = "<group>"; };
		DEC71B83291BDBFE00588D8B /* ResetPasswordViewController.swift */ = {isa = PBXFileReference; lastKnownFileType = sourcecode.swift; path = ResetPasswordViewController.swift; sourceTree = "<group>"; };
		DEC71B89291BE0F700588D8B /* CreateWorkspacePresenter.swift */ = {isa = PBXFileReference; lastKnownFileType = sourcecode.swift; path = CreateWorkspacePresenter.swift; sourceTree = "<group>"; };
		DEC71B8B291BE13100588D8B /* CreateWorkspaceViewController.swift */ = {isa = PBXFileReference; lastKnownFileType = sourcecode.swift; path = CreateWorkspaceViewController.swift; sourceTree = "<group>"; };
		DECD7BE9291CDC0000F55CFF /* UIBarButtonItem + Extension.swift */ = {isa = PBXFileReference; lastKnownFileType = sourcecode.swift; path = "UIBarButtonItem + Extension.swift"; sourceTree = "<group>"; };
		DECD7BEE291CDD9500F55CFF /* OnboardingViewController.swift */ = {isa = PBXFileReference; lastKnownFileType = sourcecode.swift; path = OnboardingViewController.swift; sourceTree = "<group>"; };
		DECD7BF0291CDDA900F55CFF /* OnboardingPresenter.swift */ = {isa = PBXFileReference; lastKnownFileType = sourcecode.swift; path = OnboardingPresenter.swift; sourceTree = "<group>"; };
		DECD7BF2291CDE1900F55CFF /* BoardViewController.swift */ = {isa = PBXFileReference; lastKnownFileType = sourcecode.swift; path = BoardViewController.swift; sourceTree = "<group>"; };
		DECD7BF6291CF93400F55CFF /* Board.swift */ = {isa = PBXFileReference; lastKnownFileType = sourcecode.swift; path = Board.swift; sourceTree = "<group>"; };
		DECD7BFA291D222A00F55CFF /* TabBarController.swift */ = {isa = PBXFileReference; lastKnownFileType = sourcecode.swift; path = TabBarController.swift; sourceTree = "<group>"; };
		DECD7BFF291D229600F55CFF /* HomePresenter.swift */ = {isa = PBXFileReference; lastKnownFileType = sourcecode.swift; path = HomePresenter.swift; sourceTree = "<group>"; };
		DECD7C01291D22B700F55CFF /* HomeViewController.swift */ = {isa = PBXFileReference; lastKnownFileType = sourcecode.swift; path = HomeViewController.swift; sourceTree = "<group>"; };
		DECD7C07291D232A00F55CFF /* ChatPresenter.swift */ = {isa = PBXFileReference; lastKnownFileType = sourcecode.swift; path = ChatPresenter.swift; sourceTree = "<group>"; };
		DECD7C09291D234F00F55CFF /* ChatViewController.swift */ = {isa = PBXFileReference; lastKnownFileType = sourcecode.swift; path = ChatViewController.swift; sourceTree = "<group>"; };
		DECD7C0F291D239400F55CFF /* NotificationPresenter.swift */ = {isa = PBXFileReference; lastKnownFileType = sourcecode.swift; path = NotificationPresenter.swift; sourceTree = "<group>"; };
		DECD7C15291D23F700F55CFF /* SettingsPresenter.swift */ = {isa = PBXFileReference; lastKnownFileType = sourcecode.swift; path = SettingsPresenter.swift; sourceTree = "<group>"; };
		DECD7C17291D243400F55CFF /* SettingsViewController.swift */ = {isa = PBXFileReference; lastKnownFileType = sourcecode.swift; path = SettingsViewController.swift; sourceTree = "<group>"; };
		DECD7C19291D257800F55CFF /* NotificationViewController.swift */ = {isa = PBXFileReference; lastKnownFileType = sourcecode.swift; path = NotificationViewController.swift; sourceTree = "<group>"; };
		DEEE2E44292E287D002A8A9F /* TabItem + Extension.swift */ = {isa = PBXFileReference; lastKnownFileType = sourcecode.swift; path = "TabItem + Extension.swift"; sourceTree = "<group>"; };
		DEEE2E46292E2A44002A8A9F /* TabBarViewController.swift */ = {isa = PBXFileReference; lastKnownFileType = sourcecode.swift; path = TabBarViewController.swift; sourceTree = "<group>"; };
		DEEE2E4A292E2D30002A8A9F /* TabBar.swift */ = {isa = PBXFileReference; lastKnownFileType = sourcecode.swift; path = TabBar.swift; sourceTree = "<group>"; };
		DEEE2E52292E35E0002A8A9F /* TabItemView.swift */ = {isa = PBXFileReference; lastKnownFileType = sourcecode.swift; path = TabItemView.swift; sourceTree = "<group>"; };
		DEEE2E54292E4790002A8A9F /* UIView + Extension.swift */ = {isa = PBXFileReference; lastKnownFileType = sourcecode.swift; path = "UIView + Extension.swift"; sourceTree = "<group>"; };
		DEEE2E56292E47CB002A8A9F /* UIStackView + Extension.swift */ = {isa = PBXFileReference; lastKnownFileType = sourcecode.swift; path = "UIStackView + Extension.swift"; sourceTree = "<group>"; };
/* End PBXFileReference section */

/* Begin PBXFrameworksBuildPhase section */
		DE6D3ECC2916B6470095AC5B /* Frameworks */ = {
			isa = PBXFrameworksBuildPhase;
			buildActionMask = 2147483647;
			files = (
				DEEE2E50292E325C002A8A9F /* RxSwift in Frameworks */,
				DE60C12B291AE21500D776F4 /* SnapKit in Frameworks */,
				DEC71B58291BBB4700588D8B /* Lottie in Frameworks */,
				DEEE2E4E292E325C002A8A9F /* RxCocoa in Frameworks */,
				DE5509382922A8F30081A68B /* FirebaseAnalytics in Frameworks */,
				DE55093E2922AD680081A68B /* FirebaseAuth in Frameworks */,
				DE03B5B8292F4F4E00EB9BAF /* RxGesture in Frameworks */,
			);
			runOnlyForDeploymentPostprocessing = 0;
		};
/* End PBXFrameworksBuildPhase section */

/* Begin PBXGroup section */
		DE27283E291C08220032D139 /* Plan */ = {
			isa = PBXGroup;
			children = (
				DE272841291C08390032D139 /* Model */,
				DE272840291C08360032D139 /* View */,
				DE27283F291C08320032D139 /* Presenter */,
				DE628AEC293A724C0059D207 /* PlanViewController.swift */,
				DE628AEE293A72510059D207 /* PlanInteractor.swift */,
				DE628AF0293A72580059D207 /* PlanPresenter.swift */,
				DE628AF2293A725D0059D207 /* PlanConfigurator.swift */,
				DE628AF4293A72620059D207 /* PlanRouter.swift */,
				DE628AF6293A72660059D207 /* PlanProtocols.swift */,
			);
			path = Plan;
			sourceTree = "<group>";
		};
		DE27283F291C08320032D139 /* Presenter */ = {
			isa = PBXGroup;
			children = (
				DE272843291C08490032D139 /* ChoosePlanPresenter.swift */,
			);
			path = Presenter;
			sourceTree = "<group>";
		};
		DE272840291C08360032D139 /* View */ = {
			isa = PBXGroup;
			children = (
				DE272845291C08730032D139 /* ChoosePlanViewController.swift */,
				DE272849291C0A270032D139 /* PlansCollectionViewCell.swift */,
			);
			path = View;
			sourceTree = "<group>";
		};
		DE272841291C08390032D139 /* Model */ = {
			isa = PBXGroup;
			children = (
				DE272847291C0A170032D139 /* Plan.swift */,
			);
			path = Model;
			sourceTree = "<group>";
		};
		DE27284F291C18550032D139 /* Lottie */ = {
			isa = PBXGroup;
			children = (
				DE27284C291C177B0032D139 /* party.json */,
				DE27284B291C177B0032D139 /* premium.json */,
			);
			path = Lottie;
			sourceTree = "<group>";
		};
		DE3F56512917AF670036DDC4 /* Resources */ = {
			isa = PBXGroup;
			children = (
				DE27284F291C18550032D139 /* Lottie */,
				DE6D3EDB2916B6470095AC5B /* Assets.xcassets */,
				DE6D3EDD2916B6470095AC5B /* LaunchScreen.storyboard */,
				DE5509342922A7E60081A68B /* GoogleService-Info.plist */,
			);
			path = Resources;
			sourceTree = "<group>";
		};
		DE3F56522917AF7A0036DDC4 /* Modules */ = {
			isa = PBXGroup;
			children = (
				DEC71B5D291BC01600588D8B /* Onboarding */,
				DE5D23F02917B74C00F3ED18 /* Authorization */,
				DECD7BF8291D220000F55CFF /* Main */,
			);
			path = Modules;
			sourceTree = "<group>";
		};
		DE3F56532917AF800036DDC4 /* Extensions */ = {
			isa = PBXGroup;
			children = (
				DE5D24062917BC7200F3ED18 /* UIWindow + Extension.swift */,
				DE5D24042917BBEC00F3ED18 /* Theme + Extension.swift */,
				DEA377A0291831650035085C /* UILabel + Extension.swift */,
				DEC71B5A291BBC6F00588D8B /* UIColor + Extension.swift */,
				DECD7BE9291CDC0000F55CFF /* UIBarButtonItem + Extension.swift */,
				DE5509402922BF260081A68B /* String + Extension.swift */,
				DEEE2E44292E287D002A8A9F /* TabItem + Extension.swift */,
				DEEE2E54292E4790002A8A9F /* UIView + Extension.swift */,
				DEEE2E56292E47CB002A8A9F /* UIStackView + Extension.swift */,
			);
			path = Extensions;
			sourceTree = "<group>";
		};
		DE3F56542917AF8C0036DDC4 /* Components */ = {
			isa = PBXGroup;
			children = (
				DEEE2E51292E35B4002A8A9F /* UIView */,
				DEC71B62291BC15000588D8B /* UIStackView */,
				DEC71B5F291BC0C500588D8B /* UIImageView */,
				DEA3779D2917FF100035085C /* UIButton */,
				DEA3779C2917FF000035085C /* UITextField */,
				DEA3779B2917FEF70035085C /* UILabel */,
			);
			path = Components;
			sourceTree = "<group>";
		};
		DE55093C2922AD680081A68B /* Frameworks */ = {
			isa = PBXGroup;
			children = (
			);
			name = Frameworks;
			sourceTree = "<group>";
		};
		DE5D23F02917B74C00F3ED18 /* Authorization */ = {
			isa = PBXGroup;
			children = (
				DEC71B5E291BC01B00588D8B /* SignUp */,
				DE5D23F12917B75600F3ED18 /* SignIn */,
				DEC71B6C291BC55800588D8B /* Forgot */,
				DEC71B73291BCFE800588D8B /* OTP */,
				DEC71B7C291BDBA600588D8B /* Reset */,
				DEC71B85291BE0D300588D8B /* Workspace */,
				DE27283E291C08220032D139 /* Plan */,
			);
			path = Authorization;
			sourceTree = "<group>";
		};
		DE5D23F12917B75600F3ED18 /* SignIn */ = {
			isa = PBXGroup;
			children = (
				DE628ABA293A70F80059D207 /* SignInViewController.swift */,
				DE628AB8293A70EB0059D207 /* SignInInteractor.swift */,
				DE628AB6293A70DD0059D207 /* SignInPresenter.swift */,
				DE628AB2293A70B50059D207 /* SignInConfigurator.swift */,
				DE628AB4293A70BF0059D207 /* SignInRouter.swift */,
				DE628AB0293A70AD0059D207 /* SignInProtocols.swift */,
			);
			path = SignIn;
			sourceTree = "<group>";
		};
		DE5D23FD2917BB1A00F3ED18 /* Theme */ = {
			isa = PBXGroup;
			children = (
				DE5D23FE2917BB2B00F3ED18 /* Theme.swift */,
			);
			path = Theme;
			sourceTree = "<group>";
		};
		DE5D24002917BB7A00F3ED18 /* Utils */ = {
			isa = PBXGroup;
			children = (
				DE5D24012917BB7E00F3ED18 /* Generics */,
			);
			path = Utils;
			sourceTree = "<group>";
		};
		DE5D24012917BB7E00F3ED18 /* Generics */ = {
			isa = PBXGroup;
			children = (
				DE5D24022917BB8400F3ED18 /* Persist.swift */,
			);
			path = Generics;
			sourceTree = "<group>";
		};
		DE628B28293A7B0C0059D207 /* Services */ = {
			isa = PBXGroup;
			children = (
				DE628B29293A7B1D0059D207 /* AuthService.swift */,
			);
			path = Services;
			sourceTree = "<group>";
		};
		DE6D3EC62916B6470095AC5B = {
			isa = PBXGroup;
			children = (
				DE6D3ED12916B6470095AC5B /* Tasker */,
				DEC71B59291BBBED00588D8B /* Tasker.app */,
				DE55093C2922AD680081A68B /* Frameworks */,
			);
			sourceTree = "<group>";
		};
		DE6D3ED12916B6470095AC5B /* Tasker */ = {
			isa = PBXGroup;
			children = (
				DE628B28293A7B0C0059D207 /* Services */,
				DE3F56542917AF8C0036DDC4 /* Components */,
				DE3F56532917AF800036DDC4 /* Extensions */,
				DE5D23FD2917BB1A00F3ED18 /* Theme */,
				DE5D24002917BB7A00F3ED18 /* Utils */,
				DE3F56522917AF7A0036DDC4 /* Modules */,
				DE3F56512917AF670036DDC4 /* Resources */,
				DE6D3ED22916B6470095AC5B /* AppDelegate.swift */,
				DE6D3ED42916B6470095AC5B /* SceneDelegate.swift */,
				DE5D23EE2917B6DF00F3ED18 /* AssemblyModuleBuilder.swift */,
				DE5D23F72917B80000F3ED18 /* Router.swift */,
				DE6D3EE02916B6470095AC5B /* Info.plist */,
			);
			path = Tasker;
			sourceTree = "<group>";
		};
		DEA3779B2917FEF70035085C /* UILabel */ = {
			isa = PBXGroup;
			children = (
				DEA377992917FD280035085C /* TextLabel.swift */,
				DEA377972917E1210035085C /* TitleLabel.swift */,
			);
			path = UILabel;
			sourceTree = "<group>";
		};
		DEA3779C2917FF000035085C /* UITextField */ = {
			isa = PBXGroup;
			children = (
				DE3F56552917AFA70036DDC4 /* TextField.swift */,
			);
			path = UITextField;
			sourceTree = "<group>";
		};
		DEA3779D2917FF100035085C /* UIButton */ = {
			isa = PBXGroup;
			children = (
				DE5D24082917BF7200F3ED18 /* MainButton.swift */,
				DEA3779E291811D70035085C /* SecondaryButton.swift */,
			);
			path = UIButton;
			sourceTree = "<group>";
		};
		DEC71B5D291BC01600588D8B /* Onboarding */ = {
			isa = PBXGroup;
			children = (
				DECD7BED291CDD8800F55CFF /* Model */,
				DECD7BEC291CDD8600F55CFF /* View */,
				DECD7BEB291CDD8000F55CFF /* Presenter */,
			);
			path = Onboarding;
			sourceTree = "<group>";
		};
		DEC71B5E291BC01B00588D8B /* SignUp */ = {
			isa = PBXGroup;
			children = (
				DE628AAE293A5FA10059D207 /* SignUpViewController.swift */,
				DE628AA6293A5F5F0059D207 /* SignUpInteractor.swift */,
				DE628AAC293A5F8E0059D207 /* SignUpPresenter.swift */,
				DE628AAA293A5F870059D207 /* SignUpRouter.swift */,
				DE628AA4293A5F540059D207 /* SignUpConfigurator.swift */,
				DE628AA8293A5F780059D207 /* SignUpProtocols.swift */,
			);
			path = SignUp;
			sourceTree = "<group>";
		};
		DEC71B5F291BC0C500588D8B /* UIImageView */ = {
			isa = PBXGroup;
			children = (
				DEC71B60291BC0D200588D8B /* TitleImageView.swift */,
			);
			path = UIImageView;
			sourceTree = "<group>";
		};
		DEC71B62291BC15000588D8B /* UIStackView */ = {
			isa = PBXGroup;
			children = (
				DEEE2E4A292E2D30002A8A9F /* TabBar.swift */,
				DEC71B63291BC15A00588D8B /* StackView.swift */,
			);
			path = UIStackView;
			sourceTree = "<group>";
		};
		DEC71B6C291BC55800588D8B /* Forgot */ = {
			isa = PBXGroup;
			children = (
				DE628ABC293A71150059D207 /* ForgotViewController.swift */,
				DE628ABE293A711E0059D207 /* ForgotInteractor.swift */,
				DE628AC0293A71260059D207 /* ForgotPresenter.swift */,
				DE628AC2293A715C0059D207 /* ForgotConfigurator.swift */,
				DE628AC4293A71630059D207 /* ForgotRouter.swift */,
				DE628AC6293A716B0059D207 /* ForgotProtocols.swift */,
			);
			path = Forgot;
			sourceTree = "<group>";
		};
		DEC71B73291BCFE800588D8B /* OTP */ = {
			isa = PBXGroup;
			children = (
				DE628AC8293A71830059D207 /* OTPViewController.swift */,
				DE628ACA293A718B0059D207 /* OTPInteractor.swift */,
				DE628ACC293A71940059D207 /* OTPPresenter.swift */,
				DE628ACE293A719E0059D207 /* OTPConfigurator.swift */,
				DE628AD0293A71A40059D207 /* OTPRouter.swift */,
				DE628AD2293A71A80059D207 /* OTPProtocols.swift */,
			);
			path = OTP;
			sourceTree = "<group>";
		};
		DEC71B7C291BDBA600588D8B /* Reset */ = {
			isa = PBXGroup;
			children = (
				DEC71B7E291BDBB700588D8B /* View */,
				DEC71B7D291BDBB200588D8B /* Presenter */,
				DE628AD4293A71BD0059D207 /* ResetViewController.swift */,
				DE628AD6293A71C30059D207 /* ResetInteractor.swift */,
				DE628AD8293A71C80059D207 /* ResetPresenter.swift */,
				DE628ADA293A71CE0059D207 /* ResetConfigurator.swift */,
				DE628ADC293A71DB0059D207 /* ResetRouter.swift */,
				DE628ADE293A71E10059D207 /* ResetProtocols.swift */,
			);
			path = Reset;
			sourceTree = "<group>";
		};
		DEC71B7D291BDBB200588D8B /* Presenter */ = {
			isa = PBXGroup;
			children = (
				DEC71B81291BDBD200588D8B /* ResetPasswordPresenter.swift */,
			);
			path = Presenter;
			sourceTree = "<group>";
		};
		DEC71B7E291BDBB700588D8B /* View */ = {
			isa = PBXGroup;
			children = (
				DEC71B83291BDBFE00588D8B /* ResetPasswordViewController.swift */,
			);
			path = View;
			sourceTree = "<group>";
		};
		DEC71B85291BE0D300588D8B /* Workspace */ = {
			isa = PBXGroup;
			children = (
				DEC71B87291BE0E500588D8B /* View */,
				DEC71B86291BE0DD00588D8B /* Presenter */,
				DE628AE0293A72170059D207 /* WorkspaceViewController.swift */,
				DE628AE2293A721C0059D207 /* WorkspaceInteractor.swift */,
				DE628AE4293A72220059D207 /* WorkspacePresenter.swift */,
				DE628AE6293A72280059D207 /* WorkspaceConfigurator.swift */,
				DE628AE8293A722E0059D207 /* WorkspaceRouter.swift */,
				DE628AEA293A72330059D207 /* WorkspaceProtocols.swift */,
			);
			path = Workspace;
			sourceTree = "<group>";
		};
		DEC71B86291BE0DD00588D8B /* Presenter */ = {
			isa = PBXGroup;
			children = (
				DEC71B89291BE0F700588D8B /* CreateWorkspacePresenter.swift */,
			);
			path = Presenter;
			sourceTree = "<group>";
		};
		DEC71B87291BE0E500588D8B /* View */ = {
			isa = PBXGroup;
			children = (
				DEC71B8B291BE13100588D8B /* CreateWorkspaceViewController.swift */,
			);
			path = View;
			sourceTree = "<group>";
		};
		DECD7BEB291CDD8000F55CFF /* Presenter */ = {
			isa = PBXGroup;
			children = (
				DECD7BF0291CDDA900F55CFF /* OnboardingPresenter.swift */,
			);
			path = Presenter;
			sourceTree = "<group>";
		};
		DECD7BEC291CDD8600F55CFF /* View */ = {
			isa = PBXGroup;
			children = (
				DECD7BEE291CDD9500F55CFF /* OnboardingViewController.swift */,
				DECD7BF2291CDE1900F55CFF /* BoardViewController.swift */,
			);
			path = View;
			sourceTree = "<group>";
		};
		DECD7BED291CDD8800F55CFF /* Model */ = {
			isa = PBXGroup;
			children = (
				DECD7BF6291CF93400F55CFF /* Board.swift */,
			);
			path = Model;
			sourceTree = "<group>";
		};
		DECD7BF8291D220000F55CFF /* Main */ = {
			isa = PBXGroup;
			children = (
				DECD7BF9291D220900F55CFF /* Home */,
				DECD7C03291D22ED00F55CFF /* Chat */,
				DECD7C0B291D237B00F55CFF /* Notification */,
				DECD7C11291D23DE00F55CFF /* Settings */,
				DECD7BFA291D222A00F55CFF /* TabBarController.swift */,
				DEEE2E46292E2A44002A8A9F /* TabBarViewController.swift */,
			);
			path = Main;
			sourceTree = "<group>";
		};
		DECD7BF9291D220900F55CFF /* Home */ = {
			isa = PBXGroup;
			children = (
				DECD7BFE291D228900F55CFF /* Model */,
				DECD7BFD291D228500F55CFF /* View */,
				DECD7BFC291D228000F55CFF /* Presenter */,
				DE628AF8293A727C0059D207 /* HomeViewController.swift */,
				DE628AFA293A72800059D207 /* HomeInteractor.swift */,
				DE628AFC293A72870059D207 /* HomePresenter.swift */,
				DE628AFE293A728C0059D207 /* HomeConfigurator.swift */,
				DE628B00293A72910059D207 /* HomeRouter.swift */,
				DE628B02293A72950059D207 /* HomeProtocols.swift */,
			);
			path = Home;
			sourceTree = "<group>";
		};
		DECD7BFC291D228000F55CFF /* Presenter */ = {
			isa = PBXGroup;
			children = (
				DECD7BFF291D229600F55CFF /* HomePresenter.swift */,
			);
			path = Presenter;
			sourceTree = "<group>";
		};
		DECD7BFD291D228500F55CFF /* View */ = {
			isa = PBXGroup;
			children = (
				DECD7C01291D22B700F55CFF /* HomeViewController.swift */,
			);
			path = View;
			sourceTree = "<group>";
		};
		DECD7BFE291D228900F55CFF /* Model */ = {
			isa = PBXGroup;
			children = (
			);
			path = Model;
			sourceTree = "<group>";
		};
		DECD7C03291D22ED00F55CFF /* Chat */ = {
			isa = PBXGroup;
			children = (
				DECD7C06291D231200F55CFF /* Model */,
				DECD7C05291D230F00F55CFF /* View */,
				DECD7C04291D230B00F55CFF /* Presenter */,
				DE628B04293A72A30059D207 /* ChatViewController.swift */,
				DE628B06293A72A70059D207 /* ChatInteractor.swift */,
				DE628B08293A72AB0059D207 /* ChatPresenter.swift */,
				DE628B0A293A72B00059D207 /* ChatConfigurator.swift */,
				DE628B0C293A72B40059D207 /* ChatRouter.swift */,
				DE628B0E293A72B80059D207 /* ChatProtocols.swift */,
			);
			path = Chat;
			sourceTree = "<group>";
		};
		DECD7C04291D230B00F55CFF /* Presenter */ = {
			isa = PBXGroup;
			children = (
				DECD7C07291D232A00F55CFF /* ChatPresenter.swift */,
			);
			path = Presenter;
			sourceTree = "<group>";
		};
		DECD7C05291D230F00F55CFF /* View */ = {
			isa = PBXGroup;
			children = (
				DECD7C09291D234F00F55CFF /* ChatViewController.swift */,
			);
			path = View;
			sourceTree = "<group>";
		};
		DECD7C06291D231200F55CFF /* Model */ = {
			isa = PBXGroup;
			children = (
			);
			path = Model;
			sourceTree = "<group>";
		};
		DECD7C0B291D237B00F55CFF /* Notification */ = {
			isa = PBXGroup;
			children = (
				DECD7C0E291D238C00F55CFF /* Model */,
				DECD7C0D291D238900F55CFF /* View */,
				DECD7C0C291D238500F55CFF /* Presenter */,
				DE628B10293A72C40059D207 /* NotificationViewController.swift */,
				DE628B12293A72CA0059D207 /* NotificationInteractor.swift */,
				DE628B14293A72D00059D207 /* NotificationPresenter.swift */,
				DE628B16293A72D60059D207 /* NotificationConfigurator.swift */,
				DE628B18293A72DB0059D207 /* NotificationRouter.swift */,
				DE628B1A293A72E20059D207 /* NotificationProtocols.swift */,
			);
			path = Notification;
			sourceTree = "<group>";
		};
		DECD7C0C291D238500F55CFF /* Presenter */ = {
			isa = PBXGroup;
			children = (
				DECD7C0F291D239400F55CFF /* NotificationPresenter.swift */,
			);
			path = Presenter;
			sourceTree = "<group>";
		};
		DECD7C0D291D238900F55CFF /* View */ = {
			isa = PBXGroup;
			children = (
				DECD7C19291D257800F55CFF /* NotificationViewController.swift */,
			);
			path = View;
			sourceTree = "<group>";
		};
		DECD7C0E291D238C00F55CFF /* Model */ = {
			isa = PBXGroup;
			children = (
			);
			path = Model;
			sourceTree = "<group>";
		};
		DECD7C11291D23DE00F55CFF /* Settings */ = {
			isa = PBXGroup;
			children = (
				DECD7C14291D23ED00F55CFF /* Model */,
				DECD7C13291D23E900F55CFF /* View */,
				DECD7C12291D23E400F55CFF /* Presenter */,
				DE628B1C293A72F10059D207 /* SettingsViewController.swift */,
				DE628B1E293A72F70059D207 /* SettingsInteractor.swift */,
				DE628B20293A72FC0059D207 /* SettingsPresenter.swift */,
				DE628B22293A73020059D207 /* SettingsConfigurator.swift */,
				DE628B24293A73060059D207 /* SettingsRouter.swift */,
				DE628B26293A730C0059D207 /* SettingsProtocols.swift */,
			);
			path = Settings;
			sourceTree = "<group>";
		};
		DECD7C12291D23E400F55CFF /* Presenter */ = {
			isa = PBXGroup;
			children = (
				DECD7C15291D23F700F55CFF /* SettingsPresenter.swift */,
			);
			path = Presenter;
			sourceTree = "<group>";
		};
		DECD7C13291D23E900F55CFF /* View */ = {
			isa = PBXGroup;
			children = (
				DECD7C17291D243400F55CFF /* SettingsViewController.swift */,
			);
			path = View;
			sourceTree = "<group>";
		};
		DECD7C14291D23ED00F55CFF /* Model */ = {
			isa = PBXGroup;
			children = (
			);
			path = Model;
			sourceTree = "<group>";
		};
		DEEE2E51292E35B4002A8A9F /* UIView */ = {
			isa = PBXGroup;
			children = (
				DEEE2E52292E35E0002A8A9F /* TabItemView.swift */,
				DE79652B29309C2000F6D24C /* SegmentedControl.swift */,
			);
			path = UIView;
			sourceTree = "<group>";
		};
/* End PBXGroup section */

/* Begin PBXNativeTarget section */
		DE6D3ECE2916B6470095AC5B /* Tasker */ = {
			isa = PBXNativeTarget;
			buildConfigurationList = DE6D3EF92916B6480095AC5B /* Build configuration list for PBXNativeTarget "Tasker" */;
			buildPhases = (
				DE6D3ECB2916B6470095AC5B /* Sources */,
				DE6D3ECC2916B6470095AC5B /* Frameworks */,
				DE6D3ECD2916B6470095AC5B /* Resources */,
			);
			buildRules = (
			);
			dependencies = (
			);
			name = Tasker;
			packageProductDependencies = (
				DE60C12A291AE21500D776F4 /* SnapKit */,
				DEC71B57291BBB4700588D8B /* Lottie */,
				DE5509372922A8F30081A68B /* FirebaseAnalytics */,
				DE55093D2922AD680081A68B /* FirebaseAuth */,
				DEEE2E4D292E325C002A8A9F /* RxCocoa */,
				DEEE2E4F292E325C002A8A9F /* RxSwift */,
				DE03B5B7292F4F4E00EB9BAF /* RxGesture */,
			);
			productName = Tasker;
			productReference = DEC71B59291BBBED00588D8B /* Tasker.app */;
			productType = "com.apple.product-type.application";
		};
/* End PBXNativeTarget section */

/* Begin PBXProject section */
		DE6D3EC72916B6470095AC5B /* Project object */ = {
			isa = PBXProject;
			attributes = {
				BuildIndependentTargetsInParallel = 1;
				LastSwiftUpdateCheck = 1400;
				LastUpgradeCheck = 1400;
				TargetAttributes = {
					DE6D3ECE2916B6470095AC5B = {
						CreatedOnToolsVersion = 14.0.1;
					};
				};
			};
			buildConfigurationList = DE6D3ECA2916B6470095AC5B /* Build configuration list for PBXProject "Tasker" */;
			compatibilityVersion = "Xcode 14.0";
			developmentRegion = en;
			hasScannedForEncodings = 0;
			knownRegions = (
				en,
				Base,
			);
			mainGroup = DE6D3EC62916B6470095AC5B;
			packageReferences = (
				DE60C129291AE21500D776F4 /* XCRemoteSwiftPackageReference "SnapKit" */,
				DEC71B56291BBB4700588D8B /* XCRemoteSwiftPackageReference "lottie-ios" */,
				DE5509362922A8F30081A68B /* XCRemoteSwiftPackageReference "firebase-ios-sdk" */,
				DEEE2E4C292E325C002A8A9F /* XCRemoteSwiftPackageReference "RxSwift" */,
				DE03B5B6292F4F4E00EB9BAF /* XCRemoteSwiftPackageReference "RxGesture" */,
			);
			productRefGroup = DE6D3EC62916B6470095AC5B;
			projectDirPath = "";
			projectRoot = "";
			targets = (
				DE6D3ECE2916B6470095AC5B /* Tasker */,
			);
		};
/* End PBXProject section */

/* Begin PBXResourcesBuildPhase section */
		DE6D3ECD2916B6470095AC5B /* Resources */ = {
			isa = PBXResourcesBuildPhase;
			buildActionMask = 2147483647;
			files = (
				DE6D3EDF2916B6470095AC5B /* LaunchScreen.storyboard in Resources */,
				DE6D3EDC2916B6470095AC5B /* Assets.xcassets in Resources */,
				DE5509352922A7E60081A68B /* GoogleService-Info.plist in Resources */,
				DE27284E291C177B0032D139 /* party.json in Resources */,
				DE27284D291C177B0032D139 /* premium.json in Resources */,
			);
			runOnlyForDeploymentPostprocessing = 0;
		};
/* End PBXResourcesBuildPhase section */

/* Begin PBXSourcesBuildPhase section */
		DE6D3ECB2916B6470095AC5B /* Sources */ = {
			isa = PBXSourcesBuildPhase;
			buildActionMask = 2147483647;
			files = (
				DECD7C1A291D257800F55CFF /* NotificationViewController.swift in Sources */,
				DE628ABF293A711E0059D207 /* ForgotInteractor.swift in Sources */,
				DE628ADF293A71E10059D207 /* ResetProtocols.swift in Sources */,
				DEA3779A2917FD280035085C /* TextLabel.swift in Sources */,
				DE628ACB293A718B0059D207 /* OTPInteractor.swift in Sources */,
				DEC71B61291BC0D200588D8B /* TitleImageView.swift in Sources */,
				DECD7BF1291CDDA900F55CFF /* OnboardingPresenter.swift in Sources */,
				DE628B17293A72D60059D207 /* NotificationConfigurator.swift in Sources */,
				DE628B25293A73060059D207 /* SettingsRouter.swift in Sources */,
				DE628AF7293A72660059D207 /* PlanProtocols.swift in Sources */,
				DEC71B8C291BE13100588D8B /* CreateWorkspaceViewController.swift in Sources */,
				DE628ACD293A71940059D207 /* OTPPresenter.swift in Sources */,
				DE628AC7293A716B0059D207 /* ForgotProtocols.swift in Sources */,
				DEEE2E4B292E2D30002A8A9F /* TabBar.swift in Sources */,
				DE628AFF293A728C0059D207 /* HomeConfigurator.swift in Sources */,
				DE628AA9293A5F780059D207 /* SignUpProtocols.swift in Sources */,
				DE628ABB293A70F80059D207 /* SignInViewController.swift in Sources */,
				DEC71B82291BDBD200588D8B /* ResetPasswordPresenter.swift in Sources */,
				DECD7C08291D232A00F55CFF /* ChatPresenter.swift in Sources */,
				DE27284A291C0A270032D139 /* PlansCollectionViewCell.swift in Sources */,
				DE628AD9293A71C80059D207 /* ResetPresenter.swift in Sources */,
				DE628AA5293A5F540059D207 /* SignUpConfigurator.swift in Sources */,
				DE628B15293A72D00059D207 /* NotificationPresenter.swift in Sources */,
				DE628B1D293A72F10059D207 /* SettingsViewController.swift in Sources */,
				DE5D24032917BB8400F3ED18 /* Persist.swift in Sources */,
				DE628AEB293A72330059D207 /* WorkspaceProtocols.swift in Sources */,
				DE628B1F293A72F70059D207 /* SettingsInteractor.swift in Sources */,
				DE628AC9293A71830059D207 /* OTPViewController.swift in Sources */,
				DE5D23FF2917BB2B00F3ED18 /* Theme.swift in Sources */,
				DE628B01293A72910059D207 /* HomeRouter.swift in Sources */,
				DE628B07293A72A70059D207 /* ChatInteractor.swift in Sources */,
				DE628AAF293A5FA10059D207 /* SignUpViewController.swift in Sources */,
				DECD7BFB291D222A00F55CFF /* TabBarController.swift in Sources */,
				DEA3779F291811D70035085C /* SecondaryButton.swift in Sources */,
				DE628B13293A72CA0059D207 /* NotificationInteractor.swift in Sources */,
				DE5D24072917BC7200F3ED18 /* UIWindow + Extension.swift in Sources */,
				DE628B27293A730C0059D207 /* SettingsProtocols.swift in Sources */,
				DECD7C16291D23F700F55CFF /* SettingsPresenter.swift in Sources */,
				DE628B2A293A7B1D0059D207 /* AuthService.swift in Sources */,
				DE628AD7293A71C30059D207 /* ResetInteractor.swift in Sources */,
				DE628AEF293A72510059D207 /* PlanInteractor.swift in Sources */,
				DE628AB9293A70EB0059D207 /* SignInInteractor.swift in Sources */,
				DE628B19293A72DB0059D207 /* NotificationRouter.swift in Sources */,
				DE628B0D293A72B40059D207 /* ChatRouter.swift in Sources */,
				DE628AB3293A70B50059D207 /* SignInConfigurator.swift in Sources */,
				DECD7C18291D243400F55CFF /* SettingsViewController.swift in Sources */,
				DE628AE1293A72170059D207 /* WorkspaceViewController.swift in Sources */,
				DE628AC3293A715C0059D207 /* ForgotConfigurator.swift in Sources */,
				DE3F56562917AFA70036DDC4 /* TextField.swift in Sources */,
				DE628ABD293A71150059D207 /* ForgotViewController.swift in Sources */,
				DE628AC5293A71630059D207 /* ForgotRouter.swift in Sources */,
				DE628AA7293A5F5F0059D207 /* SignUpInteractor.swift in Sources */,
				DE628B0B293A72B00059D207 /* ChatConfigurator.swift in Sources */,
				DEC71B64291BC15A00588D8B /* StackView.swift in Sources */,
				DEA377A1291831650035085C /* UILabel + Extension.swift in Sources */,
				DE6D3ED32916B6470095AC5B /* AppDelegate.swift in Sources */,
				DE628AE7293A72280059D207 /* WorkspaceConfigurator.swift in Sources */,
				DEEE2E53292E35E0002A8A9F /* TabItemView.swift in Sources */,
				DE272848291C0A170032D139 /* Plan.swift in Sources */,
				DE6D3ED52916B6470095AC5B /* SceneDelegate.swift in Sources */,
				DE628AAD293A5F8E0059D207 /* SignUpPresenter.swift in Sources */,
				DEEE2E57292E47CB002A8A9F /* UIStackView + Extension.swift in Sources */,
				DE628B1B293A72E20059D207 /* NotificationProtocols.swift in Sources */,
				DE79652C29309C2000F6D24C /* SegmentedControl.swift in Sources */,
				DE628B23293A73020059D207 /* SettingsConfigurator.swift in Sources */,
				DE5D24052917BBEC00F3ED18 /* Theme + Extension.swift in Sources */,
				DE628B0F293A72B80059D207 /* ChatProtocols.swift in Sources */,
				DE628AAB293A5F870059D207 /* SignUpRouter.swift in Sources */,
				DECD7C00291D229600F55CFF /* HomePresenter.swift in Sources */,
				DECD7C10291D239400F55CFF /* NotificationPresenter.swift in Sources */,
				DECD7BF3291CDE1900F55CFF /* BoardViewController.swift in Sources */,
				DEC71B84291BDBFE00588D8B /* ResetPasswordViewController.swift in Sources */,
				DE5D23EF2917B6DF00F3ED18 /* AssemblyModuleBuilder.swift in Sources */,
				DE628ADD293A71DB0059D207 /* ResetRouter.swift in Sources */,
				DE628AFD293A72870059D207 /* HomePresenter.swift in Sources */,
				DE628AD5293A71BD0059D207 /* ResetViewController.swift in Sources */,
				DE628AB7293A70DD0059D207 /* SignInPresenter.swift in Sources */,
				DE628B21293A72FC0059D207 /* SettingsPresenter.swift in Sources */,
				DE628B03293A72950059D207 /* HomeProtocols.swift in Sources */,
				DEC71B8A291BE0F700588D8B /* CreateWorkspacePresenter.swift in Sources */,
				DE5D23F82917B80000F3ED18 /* Router.swift in Sources */,
				DE628AED293A724C0059D207 /* PlanViewController.swift in Sources */,
				DE628AB1293A70AD0059D207 /* SignInProtocols.swift in Sources */,
				DE272844291C08490032D139 /* ChoosePlanPresenter.swift in Sources */,
				DE628B05293A72A30059D207 /* ChatViewController.swift in Sources */,
				DE5D24092917BF7200F3ED18 /* MainButton.swift in Sources */,
				DECD7BEA291CDC0000F55CFF /* UIBarButtonItem + Extension.swift in Sources */,
				DE628AF1293A72580059D207 /* PlanPresenter.swift in Sources */,
				DE628AF3293A725D0059D207 /* PlanConfigurator.swift in Sources */,
				DECD7BF7291CF93400F55CFF /* Board.swift in Sources */,
				DE628AD1293A71A40059D207 /* OTPRouter.swift in Sources */,
				DE628B09293A72AB0059D207 /* ChatPresenter.swift in Sources */,
				DE628AE9293A722E0059D207 /* WorkspaceRouter.swift in Sources */,
				DEA377982917E1210035085C /* TitleLabel.swift in Sources */,
				DE628AFB293A72800059D207 /* HomeInteractor.swift in Sources */,
				DEC71B5B291BBC6F00588D8B /* UIColor + Extension.swift in Sources */,
				DEEE2E55292E4790002A8A9F /* UIView + Extension.swift in Sources */,
				DE628AD3293A71A90059D207 /* OTPProtocols.swift in Sources */,
				DE628AB5293A70BF0059D207 /* SignInRouter.swift in Sources */,
				DECD7C02291D22B700F55CFF /* HomeViewController.swift in Sources */,
				DEEE2E47292E2A44002A8A9F /* TabBarViewController.swift in Sources */,
				DEEE2E45292E287D002A8A9F /* TabItem + Extension.swift in Sources */,
				DE272846291C08730032D139 /* ChoosePlanViewController.swift in Sources */,
				DE5509412922BF260081A68B /* String + Extension.swift in Sources */,
				DE628ADB293A71CE0059D207 /* ResetConfigurator.swift in Sources */,
				DE628AF5293A72620059D207 /* PlanRouter.swift in Sources */,
				DE628B11293A72C40059D207 /* NotificationViewController.swift in Sources */,
				DE628AF9293A727C0059D207 /* HomeViewController.swift in Sources */,
				DECD7C0A291D234F00F55CFF /* ChatViewController.swift in Sources */,
				DE628ACF293A719E0059D207 /* OTPConfigurator.swift in Sources */,
				DE628AE5293A72220059D207 /* WorkspacePresenter.swift in Sources */,
				DE628AC1293A71260059D207 /* ForgotPresenter.swift in Sources */,
				DECD7BEF291CDD9500F55CFF /* OnboardingViewController.swift in Sources */,
				DE628AE3293A721C0059D207 /* WorkspaceInteractor.swift in Sources */,
			);
			runOnlyForDeploymentPostprocessing = 0;
		};
/* End PBXSourcesBuildPhase section */

/* Begin PBXVariantGroup section */
		DE6D3EDD2916B6470095AC5B /* LaunchScreen.storyboard */ = {
			isa = PBXVariantGroup;
			children = (
				DE6D3EDE2916B6470095AC5B /* Base */,
			);
			name = LaunchScreen.storyboard;
			sourceTree = "<group>";
		};
/* End PBXVariantGroup section */

/* Begin XCBuildConfiguration section */
		DE6D3EF72916B6480095AC5B /* Debug */ = {
			isa = XCBuildConfiguration;
			buildSettings = {
				ALWAYS_SEARCH_USER_PATHS = NO;
				CLANG_ANALYZER_NONNULL = YES;
				CLANG_ANALYZER_NUMBER_OBJECT_CONVERSION = YES_AGGRESSIVE;
				CLANG_CXX_LANGUAGE_STANDARD = "gnu++20";
				CLANG_ENABLE_MODULES = YES;
				CLANG_ENABLE_OBJC_ARC = YES;
				CLANG_ENABLE_OBJC_WEAK = YES;
				CLANG_WARN_BLOCK_CAPTURE_AUTORELEASING = YES;
				CLANG_WARN_BOOL_CONVERSION = YES;
				CLANG_WARN_COMMA = YES;
				CLANG_WARN_CONSTANT_CONVERSION = YES;
				CLANG_WARN_DEPRECATED_OBJC_IMPLEMENTATIONS = YES;
				CLANG_WARN_DIRECT_OBJC_ISA_USAGE = YES_ERROR;
				CLANG_WARN_DOCUMENTATION_COMMENTS = YES;
				CLANG_WARN_EMPTY_BODY = YES;
				CLANG_WARN_ENUM_CONVERSION = YES;
				CLANG_WARN_INFINITE_RECURSION = YES;
				CLANG_WARN_INT_CONVERSION = YES;
				CLANG_WARN_NON_LITERAL_NULL_CONVERSION = YES;
				CLANG_WARN_OBJC_IMPLICIT_RETAIN_SELF = YES;
				CLANG_WARN_OBJC_LITERAL_CONVERSION = YES;
				CLANG_WARN_OBJC_ROOT_CLASS = YES_ERROR;
				CLANG_WARN_QUOTED_INCLUDE_IN_FRAMEWORK_HEADER = YES;
				CLANG_WARN_RANGE_LOOP_ANALYSIS = YES;
				CLANG_WARN_STRICT_PROTOTYPES = YES;
				CLANG_WARN_SUSPICIOUS_MOVE = YES;
				CLANG_WARN_UNGUARDED_AVAILABILITY = YES_AGGRESSIVE;
				CLANG_WARN_UNREACHABLE_CODE = YES;
				CLANG_WARN__DUPLICATE_METHOD_MATCH = YES;
				COPY_PHASE_STRIP = NO;
				DEBUG_INFORMATION_FORMAT = dwarf;
				ENABLE_STRICT_OBJC_MSGSEND = YES;
				ENABLE_TESTABILITY = YES;
				GCC_C_LANGUAGE_STANDARD = gnu11;
				GCC_DYNAMIC_NO_PIC = NO;
				GCC_NO_COMMON_BLOCKS = YES;
				GCC_OPTIMIZATION_LEVEL = 0;
				GCC_PREPROCESSOR_DEFINITIONS = (
					"DEBUG=1",
					"$(inherited)",
				);
				GCC_WARN_64_TO_32_BIT_CONVERSION = YES;
				GCC_WARN_ABOUT_RETURN_TYPE = YES_ERROR;
				GCC_WARN_UNDECLARED_SELECTOR = YES;
				GCC_WARN_UNINITIALIZED_AUTOS = YES_AGGRESSIVE;
				GCC_WARN_UNUSED_FUNCTION = YES;
				GCC_WARN_UNUSED_VARIABLE = YES;
				IPHONEOS_DEPLOYMENT_TARGET = 14.0;
				MTL_ENABLE_DEBUG_INFO = INCLUDE_SOURCE;
				MTL_FAST_MATH = YES;
				ONLY_ACTIVE_ARCH = YES;
				SDKROOT = iphoneos;
				SWIFT_ACTIVE_COMPILATION_CONDITIONS = DEBUG;
				SWIFT_OPTIMIZATION_LEVEL = "-Onone";
			};
			name = Debug;
		};
		DE6D3EF82916B6480095AC5B /* Release */ = {
			isa = XCBuildConfiguration;
			buildSettings = {
				ALWAYS_SEARCH_USER_PATHS = NO;
				CLANG_ANALYZER_NONNULL = YES;
				CLANG_ANALYZER_NUMBER_OBJECT_CONVERSION = YES_AGGRESSIVE;
				CLANG_CXX_LANGUAGE_STANDARD = "gnu++20";
				CLANG_ENABLE_MODULES = YES;
				CLANG_ENABLE_OBJC_ARC = YES;
				CLANG_ENABLE_OBJC_WEAK = YES;
				CLANG_WARN_BLOCK_CAPTURE_AUTORELEASING = YES;
				CLANG_WARN_BOOL_CONVERSION = YES;
				CLANG_WARN_COMMA = YES;
				CLANG_WARN_CONSTANT_CONVERSION = YES;
				CLANG_WARN_DEPRECATED_OBJC_IMPLEMENTATIONS = YES;
				CLANG_WARN_DIRECT_OBJC_ISA_USAGE = YES_ERROR;
				CLANG_WARN_DOCUMENTATION_COMMENTS = YES;
				CLANG_WARN_EMPTY_BODY = YES;
				CLANG_WARN_ENUM_CONVERSION = YES;
				CLANG_WARN_INFINITE_RECURSION = YES;
				CLANG_WARN_INT_CONVERSION = YES;
				CLANG_WARN_NON_LITERAL_NULL_CONVERSION = YES;
				CLANG_WARN_OBJC_IMPLICIT_RETAIN_SELF = YES;
				CLANG_WARN_OBJC_LITERAL_CONVERSION = YES;
				CLANG_WARN_OBJC_ROOT_CLASS = YES_ERROR;
				CLANG_WARN_QUOTED_INCLUDE_IN_FRAMEWORK_HEADER = YES;
				CLANG_WARN_RANGE_LOOP_ANALYSIS = YES;
				CLANG_WARN_STRICT_PROTOTYPES = YES;
				CLANG_WARN_SUSPICIOUS_MOVE = YES;
				CLANG_WARN_UNGUARDED_AVAILABILITY = YES_AGGRESSIVE;
				CLANG_WARN_UNREACHABLE_CODE = YES;
				CLANG_WARN__DUPLICATE_METHOD_MATCH = YES;
				COPY_PHASE_STRIP = NO;
				DEBUG_INFORMATION_FORMAT = "dwarf-with-dsym";
				ENABLE_NS_ASSERTIONS = NO;
				ENABLE_STRICT_OBJC_MSGSEND = YES;
				GCC_C_LANGUAGE_STANDARD = gnu11;
				GCC_NO_COMMON_BLOCKS = YES;
				GCC_WARN_64_TO_32_BIT_CONVERSION = YES;
				GCC_WARN_ABOUT_RETURN_TYPE = YES_ERROR;
				GCC_WARN_UNDECLARED_SELECTOR = YES;
				GCC_WARN_UNINITIALIZED_AUTOS = YES_AGGRESSIVE;
				GCC_WARN_UNUSED_FUNCTION = YES;
				GCC_WARN_UNUSED_VARIABLE = YES;
				IPHONEOS_DEPLOYMENT_TARGET = 14.0;
				MTL_ENABLE_DEBUG_INFO = NO;
				MTL_FAST_MATH = YES;
				SDKROOT = iphoneos;
				SWIFT_COMPILATION_MODE = wholemodule;
				SWIFT_OPTIMIZATION_LEVEL = "-O";
				VALIDATE_PRODUCT = YES;
			};
			name = Release;
		};
		DE6D3EFA2916B6480095AC5B /* Debug */ = {
			isa = XCBuildConfiguration;
			buildSettings = {
				ASSETCATALOG_COMPILER_APPICON_NAME = AppIcon;
				ASSETCATALOG_COMPILER_GLOBAL_ACCENT_COLOR_NAME = AccentColor;
				CODE_SIGN_STYLE = Automatic;
				CURRENT_PROJECT_VERSION = 1;
				DEVELOPMENT_TEAM = A8U85SKFPU;
				GENERATE_INFOPLIST_FILE = YES;
				INFOPLIST_FILE = Tasker/Info.plist;
				INFOPLIST_KEY_CFBundleDisplayName = Tasker;
				INFOPLIST_KEY_LSApplicationCategoryType = "public.app-category.productivity";
				INFOPLIST_KEY_UIApplicationSupportsIndirectInputEvents = YES;
				INFOPLIST_KEY_UILaunchStoryboardName = LaunchScreen.storyboard;
				INFOPLIST_KEY_UISupportedInterfaceOrientations_iPad = "UIInterfaceOrientationPortrait UIInterfaceOrientationPortraitUpsideDown UIInterfaceOrientationLandscapeLeft UIInterfaceOrientationLandscapeRight";
				INFOPLIST_KEY_UISupportedInterfaceOrientations_iPhone = "UIInterfaceOrientationPortrait UIInterfaceOrientationLandscapeLeft UIInterfaceOrientationLandscapeRight";
				IPHONEOS_DEPLOYMENT_TARGET = 14.0;
				LD_RUNPATH_SEARCH_PATHS = (
					"$(inherited)",
					"@executable_path/Frameworks",
				);
				MARKETING_VERSION = 1.0;
				PRODUCT_BUNDLE_IDENTIFIER = com.aurocheg.Tasker;
				PRODUCT_NAME = "$(TARGET_NAME)";
				SUPPORTED_PLATFORMS = "iphoneos iphonesimulator";
				SUPPORTS_MACCATALYST = NO;
				SUPPORTS_MAC_DESIGNED_FOR_IPHONE_IPAD = NO;
				SWIFT_EMIT_LOC_STRINGS = YES;
				SWIFT_VERSION = 5.0;
				TARGETED_DEVICE_FAMILY = 1;
			};
			name = Debug;
		};
		DE6D3EFB2916B6480095AC5B /* Release */ = {
			isa = XCBuildConfiguration;
			buildSettings = {
				ASSETCATALOG_COMPILER_APPICON_NAME = AppIcon;
				ASSETCATALOG_COMPILER_GLOBAL_ACCENT_COLOR_NAME = AccentColor;
				CODE_SIGN_STYLE = Automatic;
				CURRENT_PROJECT_VERSION = 1;
				DEVELOPMENT_TEAM = A8U85SKFPU;
				GENERATE_INFOPLIST_FILE = YES;
				INFOPLIST_FILE = Tasker/Info.plist;
				INFOPLIST_KEY_CFBundleDisplayName = Tasker;
				INFOPLIST_KEY_LSApplicationCategoryType = "public.app-category.productivity";
				INFOPLIST_KEY_UIApplicationSupportsIndirectInputEvents = YES;
				INFOPLIST_KEY_UILaunchStoryboardName = LaunchScreen.storyboard;
				INFOPLIST_KEY_UISupportedInterfaceOrientations_iPad = "UIInterfaceOrientationPortrait UIInterfaceOrientationPortraitUpsideDown UIInterfaceOrientationLandscapeLeft UIInterfaceOrientationLandscapeRight";
				INFOPLIST_KEY_UISupportedInterfaceOrientations_iPhone = "UIInterfaceOrientationPortrait UIInterfaceOrientationLandscapeLeft UIInterfaceOrientationLandscapeRight";
				IPHONEOS_DEPLOYMENT_TARGET = 14.0;
				LD_RUNPATH_SEARCH_PATHS = (
					"$(inherited)",
					"@executable_path/Frameworks",
				);
				MARKETING_VERSION = 1.0;
				PRODUCT_BUNDLE_IDENTIFIER = com.aurocheg.Tasker;
				PRODUCT_NAME = "$(TARGET_NAME)";
				SUPPORTED_PLATFORMS = "iphoneos iphonesimulator";
				SUPPORTS_MACCATALYST = NO;
				SUPPORTS_MAC_DESIGNED_FOR_IPHONE_IPAD = NO;
				SWIFT_EMIT_LOC_STRINGS = YES;
				SWIFT_VERSION = 5.0;
				TARGETED_DEVICE_FAMILY = 1;
			};
			name = Release;
		};
/* End XCBuildConfiguration section */

/* Begin XCConfigurationList section */
		DE6D3ECA2916B6470095AC5B /* Build configuration list for PBXProject "Tasker" */ = {
			isa = XCConfigurationList;
			buildConfigurations = (
				DE6D3EF72916B6480095AC5B /* Debug */,
				DE6D3EF82916B6480095AC5B /* Release */,
			);
			defaultConfigurationIsVisible = 0;
			defaultConfigurationName = Release;
		};
		DE6D3EF92916B6480095AC5B /* Build configuration list for PBXNativeTarget "Tasker" */ = {
			isa = XCConfigurationList;
			buildConfigurations = (
				DE6D3EFA2916B6480095AC5B /* Debug */,
				DE6D3EFB2916B6480095AC5B /* Release */,
			);
			defaultConfigurationIsVisible = 0;
			defaultConfigurationName = Release;
		};
/* End XCConfigurationList section */

/* Begin XCRemoteSwiftPackageReference section */
		DE03B5B6292F4F4E00EB9BAF /* XCRemoteSwiftPackageReference "RxGesture" */ = {
			isa = XCRemoteSwiftPackageReference;
			repositoryURL = "https://github.com/RxSwiftCommunity/RxGesture.git";
			requirement = {
				branch = main;
				kind = branch;
			};
		};
		DE5509362922A8F30081A68B /* XCRemoteSwiftPackageReference "firebase-ios-sdk" */ = {
			isa = XCRemoteSwiftPackageReference;
			repositoryURL = "https://github.com/firebase/firebase-ios-sdk";
			requirement = {
				kind = upToNextMajorVersion;
				minimumVersion = 9.0.0;
			};
		};
		DE60C129291AE21500D776F4 /* XCRemoteSwiftPackageReference "SnapKit" */ = {
			isa = XCRemoteSwiftPackageReference;
			repositoryURL = "https://github.com/SnapKit/SnapKit";
			requirement = {
				branch = develop;
				kind = branch;
			};
		};
		DEC71B56291BBB4700588D8B /* XCRemoteSwiftPackageReference "lottie-ios" */ = {
			isa = XCRemoteSwiftPackageReference;
			repositoryURL = "https://github.com/airbnb/lottie-ios.git";
			requirement = {
				branch = master;
				kind = branch;
			};
		};
		DEEE2E4C292E325C002A8A9F /* XCRemoteSwiftPackageReference "RxSwift" */ = {
			isa = XCRemoteSwiftPackageReference;
			repositoryURL = "https://github.com/ReactiveX/RxSwift.git";
			requirement = {
				kind = upToNextMajorVersion;
				minimumVersion = 6.0.0;
			};
		};
/* End XCRemoteSwiftPackageReference section */

/* Begin XCSwiftPackageProductDependency section */
		DE03B5B7292F4F4E00EB9BAF /* RxGesture */ = {
			isa = XCSwiftPackageProductDependency;
			package = DE03B5B6292F4F4E00EB9BAF /* XCRemoteSwiftPackageReference "RxGesture" */;
			productName = RxGesture;
		};
		DE5509372922A8F30081A68B /* FirebaseAnalytics */ = {
			isa = XCSwiftPackageProductDependency;
			package = DE5509362922A8F30081A68B /* XCRemoteSwiftPackageReference "firebase-ios-sdk" */;
			productName = FirebaseAnalytics;
		};
		DE55093D2922AD680081A68B /* FirebaseAuth */ = {
			isa = XCSwiftPackageProductDependency;
			package = DE5509362922A8F30081A68B /* XCRemoteSwiftPackageReference "firebase-ios-sdk" */;
			productName = FirebaseAuth;
		};
		DE60C12A291AE21500D776F4 /* SnapKit */ = {
			isa = XCSwiftPackageProductDependency;
			package = DE60C129291AE21500D776F4 /* XCRemoteSwiftPackageReference "SnapKit" */;
			productName = SnapKit;
		};
		DEC71B57291BBB4700588D8B /* Lottie */ = {
			isa = XCSwiftPackageProductDependency;
			package = DEC71B56291BBB4700588D8B /* XCRemoteSwiftPackageReference "lottie-ios" */;
			productName = Lottie;
		};
		DEEE2E4D292E325C002A8A9F /* RxCocoa */ = {
			isa = XCSwiftPackageProductDependency;
			package = DEEE2E4C292E325C002A8A9F /* XCRemoteSwiftPackageReference "RxSwift" */;
			productName = RxCocoa;
		};
		DEEE2E4F292E325C002A8A9F /* RxSwift */ = {
			isa = XCSwiftPackageProductDependency;
			package = DEEE2E4C292E325C002A8A9F /* XCRemoteSwiftPackageReference "RxSwift" */;
			productName = RxSwift;
		};
/* End XCSwiftPackageProductDependency section */
	};
	rootObject = DE6D3EC72916B6470095AC5B /* Project object */;
}
